<?xml version="1.0" encoding="utf-8"?>
<Project ToolsVersion="4.0" xmlns="http://schemas.microsoft.com/developer/msbuild/2003">
  <ItemGroup>
    <ClCompile Include="bg_animation.c" />
    <ClCompile Include="bg_misc.c" />
    <ClCompile Include="bg_pmove.c" />
    <ClCompile Include="bg_slidemove.c" />
    <ClCompile Include="bg_stats.c" />
    <ClCompile Include="g_active.c" />
    <ClCompile Include="g_admin.c" />
    <ClCompile Include="g_admin_bot.c" />
    <ClCompile Include="g_alarm.c" />
    <ClCompile Include="g_antilag.c" />
    <ClCompile Include="g_bot.c" />
    <ClCompile Include="g_client.c" />
    <ClCompile Include="g_cmds.c" />
    <ClCompile Include="g_combat.c" />
    <ClCompile Include="g_geoip.c" />
    <ClCompile Include="g_items.c" />
    <ClCompile Include="g_main.c" />
    <ClCompile Include="g_match.c" />
    <ClCompile Include="g_mem.c" />
    <ClCompile Include="g_misc.c" />
    <ClCompile Include="g_missile.c" />
    <ClCompile Include="g_mover.c" />
    <ClCompile Include="g_players.c" />
    <ClCompile Include="g_props.c" />
    <ClCompile Include="g_save.c" />
    <ClCompile Include="g_script.c" />
    <ClCompile Include="g_script_actions.c" />
    <ClCompile Include="g_session.c" />
    <ClCompile Include="g_shared.c" />
    <ClCompile Include="g_spawn.c" />
    <ClCompile Include="g_stats.c" />
    <ClCompile Include="g_svcmds.c" />
    <ClCompile Include="g_syscalls.c" />
    <ClCompile Include="g_target.c" />
    <ClCompile Include="g_team.c" />
    <ClCompile Include="g_tramcar.c" />
    <ClCompile Include="g_trigger.c" />
    <ClCompile Include="g_utils.c" />
    <ClCompile Include="g_vehicles.c" />
    <ClCompile Include="g_weapon.c" />
    <ClCompile Include="q_math.c" />
    <ClCompile Include="q_shared.c" />
    <ClCompile Include="ai_cast.c" />
    <ClCompile Include="ai_cast_characters.c" />
    <ClCompile Include="ai_cast_debug.c" />
    <ClCompile Include="ai_cast_events.c" />
    <ClCompile Include="ai_cast_fight.c" />
    <ClCompile Include="ai_cast_func_attack.c" />
    <ClCompile Include="ai_cast_func_boss1.c" />
    <ClCompile Include="ai_cast_funcs.c" />
    <ClCompile Include="ai_cast_script.c" />
    <ClCompile Include="ai_cast_script_actions.c" />
    <ClCompile Include="ai_cast_script_ents.c" />
    <ClCompile Include="ai_cast_sight.c" />
    <ClCompile Include="ai_cast_think.c" />
    <ClCompile Include="g_referee.c" />
    <ClCompile Include="g_vote.c" />
    <ClCompile Include="g_antiwarp.c" />
    <ClCompile Include="g_config.c" />
  </ItemGroup>
  <ItemGroup>
    <ClInclude Include="be_aas.h" />
    <ClInclude Include="be_ai_char.h" />
    <ClInclude Include="be_ai_chat.h" />
    <ClInclude Include="be_ai_gen.h" />
    <ClInclude Include="be_ai_goal.h" />
    <ClInclude Include="be_ai_move.h" />
    <ClInclude Include="be_ai_weap.h" />
    <ClInclude Include="be_ea.h" />
    <ClInclude Include="bg_local.h" />
    <ClInclude Include="bg_public.h" />
    <ClInclude Include="botlib.h" />
    <ClInclude Include="g_admin.h" />
    <ClInclude Include="g_local.h" />
    <ClInclude Include="g_public.h" />
    <ClInclude Include="g_shared.h" />
    <ClInclude Include="g_stats.h" />
    <ClInclude Include="g_team.h" />
    <ClInclude Include="q_shared.h" />
    <ClInclude Include="surfaceflags.h" />
    <ClInclude Include="ai_cast.h" />
    <ClInclude Include="ai_cast_fight.h" />
    <ClInclude Include="ai_cast_global.h" />
  </ItemGroup>
</Project>