<?xml version="1.0" encoding="utf-8"?>
<Project ToolsVersion="4.0" xmlns="http://schemas.microsoft.com/developer/msbuild/2003">
  <ItemGroup>
    <ClCompile Include="cg_consolecmds.c" />
    <ClCompile Include="cg_draw.c" />
    <ClCompile Include="cg_drawtools.c" />
    <ClCompile Include="cg_effects.c" />
    <ClCompile Include="cg_ents.c" />
    <ClCompile Include="cg_event.c" />
    <ClCompile Include="cg_flamethrower.c" />
    <ClCompile Include="cg_info.c" />
    <ClCompile Include="cg_localents.c" />
    <ClCompile Include="cg_main.c" />
    <ClCompile Include="cg_marks.c" />
    <ClCompile Include="cg_newDraw.c" />
    <ClCompile Include="cg_particles.c" />
    <ClCompile Include="cg_players.c" />
    <ClCompile Include="cg_playerstate.c" />
    <ClCompile Include="cg_predict.c" />
    <ClCompile Include="cg_scoreboard.c" />
    <ClCompile Include="cg_servercmds.c" />
    <ClCompile Include="cg_snapshot.c" />
    <ClCompile Include="cg_sound.c" />
    <ClCompile Include="cg_spawn.c" />
    <ClCompile Include="cg_syscalls.c" />
    <ClCompile Include="cg_trails.c" />
    <ClCompile Include="cg_view.c" />
    <ClCompile Include="cg_weapons.c" />
    <ClCompile Include="cg_window.c" />
  </ItemGroup>
  <ItemGroup>
    <ClInclude Include="cg_local.h" />
    <ClInclude Include="cg_public.h" />
    <ClInclude Include="tr_types.h" />
  </ItemGroup>
</Project>