
Microsoft Visual Studio Solution File, Format Version 12.00
# Visual Studio 2013
VisualStudioVersion = 12.0.30723.0
MinimumVisualStudioVersion = 10.0.40219.1
Project("{8BC9CEB8-8B4A-11D0-8D11-00A0C91BC942}") = "libcurl", "lib\vc6libcurl.vcxproj", "{7B61C743-6726-4A58-972E-76222518A81D}"
EndProject
Project("{8BC9CEB8-8B4A-11D0-8D11-00A0C91BC942}") = "curlsrc", "src\vc6curlsrc.vcxproj", "{D9F8079A-66AA-4066-95D2-6B21BAAB4B40}"
EndProject
Global
	GlobalSection(SolutionConfigurationPlatforms) = preSolution
		DLL Debug|Win32 = DLL Debug|Win32
		DLL Release|Win32 = DLL Release|Win32
		LIB Debug|Win32 = LIB Debug|Win32
		LIB Release|Win32 = LIB Release|Win32
		Template|Win32 = Template|Win32
		using libcurl DLL Debug|Win32 = using libcurl DLL Debug|Win32
		using libcurl DLL Release|Win32 = using libcurl DLL Release|Win32
		using libcurl LIB Debug|Win32 = using libcurl LIB Debug|Win32
		using libcurl LIB Release|Win32 = using libcurl LIB Release|Win32
	EndGlobalSection
	GlobalSection(ProjectConfigurationPlatforms) = postSolution
		{7B61C743-6726-4A58-972E-76222518A81D}.DLL Debug|Win32.ActiveCfg = DLL Debug|Win32
		{7B61C743-6726-4A58-972E-76222518A81D}.DLL Debug|Win32.Build.0 = DLL Debug|Win32
		{7B61C743-6726-4A58-972E-76222518A81D}.DLL Release|Win32.ActiveCfg = DLL Release|Win32
		{7B61C743-6726-4A58-972E-76222518A81D}.DLL Release|Win32.Build.0 = DLL Release|Win32
		{7B61C743-6726-4A58-972E-76222518A81D}.LIB Debug|Win32.ActiveCfg = LIB Debug|Win32
		{7B61C743-6726-4A58-972E-76222518A81D}.LIB Debug|Win32.Build.0 = LIB Debug|Win32
		{7B61C743-6726-4A58-972E-76222518A81D}.LIB Release|Win32.ActiveCfg = LIB Release|Win32
		{7B61C743-6726-4A58-972E-76222518A81D}.LIB Release|Win32.Build.0 = LIB Release|Win32
		{7B61C743-6726-4A58-972E-76222518A81D}.Template|Win32.ActiveCfg = LIB Release|Win32
		{7B61C743-6726-4A58-972E-76222518A81D}.Template|Win32.Build.0 = LIB Release|Win32
		{7B61C743-6726-4A58-972E-76222518A81D}.using libcurl DLL Debug|Win32.ActiveCfg = DLL Debug|Win32
		{7B61C743-6726-4A58-972E-76222518A81D}.using libcurl DLL Debug|Win32.Build.0 = DLL Debug|Win32
		{7B61C743-6726-4A58-972E-76222518A81D}.using libcurl DLL Release|Win32.ActiveCfg = DLL Release|Win32
		{7B61C743-6726-4A58-972E-76222518A81D}.using libcurl DLL Release|Win32.Build.0 = DLL Release|Win32
		{7B61C743-6726-4A58-972E-76222518A81D}.using libcurl LIB Debug|Win32.ActiveCfg = LIB Debug|Win32
		{7B61C743-6726-4A58-972E-76222518A81D}.using libcurl LIB Debug|Win32.Build.0 = LIB Debug|Win32
		{7B61C743-6726-4A58-972E-76222518A81D}.using libcurl LIB Release|Win32.ActiveCfg = LIB Release|Win32
		{7B61C743-6726-4A58-972E-76222518A81D}.using libcurl LIB Release|Win32.Build.0 = LIB Release|Win32
		{D9F8079A-66AA-4066-95D2-6B21BAAB4B40}.DLL Debug|Win32.ActiveCfg = using libcurl DLL Debug|Win32
		{D9F8079A-66AA-4066-95D2-6B21BAAB4B40}.DLL Debug|Win32.Build.0 = using libcurl DLL Debug|Win32
		{D9F8079A-66AA-4066-95D2-6B21BAAB4B40}.DLL Release|Win32.ActiveCfg = using libcurl DLL Release|Win32
		{D9F8079A-66AA-4066-95D2-6B21BAAB4B40}.DLL Release|Win32.Build.0 = using libcurl DLL Release|Win32
		{D9F8079A-66AA-4066-95D2-6B21BAAB4B40}.LIB Debug|Win32.ActiveCfg = using libcurl LIB Debug|Win32
		{D9F8079A-66AA-4066-95D2-6B21BAAB4B40}.LIB Debug|Win32.Build.0 = using libcurl LIB Debug|Win32
		{D9F8079A-66AA-4066-95D2-6B21BAAB4B40}.LIB Release|Win32.ActiveCfg = using libcurl LIB Release|Win32
		{D9F8079A-66AA-4066-95D2-6B21BAAB4B40}.LIB Release|Win32.Build.0 = using libcurl LIB Release|Win32
		{D9F8079A-66AA-4066-95D2-6B21BAAB4B40}.Template|Win32.ActiveCfg = Template|Win32
		{D9F8079A-66AA-4066-95D2-6B21BAAB4B40}.Template|Win32.Build.0 = Template|Win32
		{D9F8079A-66AA-4066-95D2-6B21BAAB4B40}.using libcurl DLL Debug|Win32.ActiveCfg = using libcurl DLL Debug|Win32
		{D9F8079A-66AA-4066-95D2-6B21BAAB4B40}.using libcurl DLL Debug|Win32.Build.0 = using libcurl DLL Debug|Win32
		{D9F8079A-66AA-4066-95D2-6B21BAAB4B40}.using libcurl DLL Release|Win32.ActiveCfg = using libcurl DLL Release|Win32
		{D9F8079A-66AA-4066-95D2-6B21BAAB4B40}.using libcurl DLL Release|Win32.Build.0 = using libcurl DLL Release|Win32
		{D9F8079A-66AA-4066-95D2-6B21BAAB4B40}.using libcurl LIB Debug|Win32.ActiveCfg = using libcurl LIB Debug|Win32
		{D9F8079A-66AA-4066-95D2-6B21BAAB4B40}.using libcurl LIB Debug|Win32.Build.0 = using libcurl LIB Debug|Win32
		{D9F8079A-66AA-4066-95D2-6B21BAAB4B40}.using libcurl LIB Release|Win32.ActiveCfg = using libcurl LIB Release|Win32
		{D9F8079A-66AA-4066-95D2-6B21BAAB4B40}.using libcurl LIB Release|Win32.Build.0 = using libcurl LIB Release|Win32
	EndGlobalSection
	GlobalSection(SolutionProperties) = preSolution
		HideSolutionNode = FALSE
	EndGlobalSection
EndGlobal
