<?xml version="1.0" encoding="utf-8"?>
<Project ToolsVersion="16.0" xmlns="http://schemas.microsoft.com/developer/msbuild/2003">
  <ItemGroup>
    <ClCompile Include="E:\Pub\Projects\rtcwPro\libs\mongo-c-driver\src\libbson\tests\corpus-test.c">
      <Filter>Source Files</Filter>
    </ClCompile>
    <ClCompile Include="E:\Pub\Projects\rtcwPro\libs\mongo-c-driver\src\libbson\tests\test-atomic.c">
      <Filter>Source Files</Filter>
    </ClCompile>
    <ClCompile Include="E:\Pub\Projects\rtcwPro\libs\mongo-c-driver\src\libbson\tests\test-b64.c">
      <Filter>Source Files</Filter>
    </ClCompile>
    <ClCompile Include="E:\Pub\Projects\rtcwPro\libs\mongo-c-driver\src\libbson\tests\test-bson.c">
      <Filter>Source Files</Filter>
    </ClCompile>
    <ClCompile Include="E:\Pub\Projects\rtcwPro\libs\mongo-c-driver\src\libbson\tests\test-bcon-basic.c">
      <Filter>Source Files</Filter>
    </ClCompile>
    <ClCompile Include="E:\Pub\Projects\rtcwPro\libs\mongo-c-driver\src\libbson\tests\test-bcon-extract.c">
      <Filter>Source Files</Filter>
    </ClCompile>
    <ClCompile Include="E:\Pub\Projects\rtcwPro\libs\mongo-c-driver\src\libbson\tests\test-bson-corpus.c">
      <Filter>Source Files</Filter>
    </ClCompile>
    <ClCompile Include="E:\Pub\Projects\rtcwPro\libs\mongo-c-driver\src\libbson\tests\test-bson-error.c">
      <Filter>Source Files</Filter>
    </ClCompile>
    <ClCompile Include="E:\Pub\Projects\rtcwPro\libs\mongo-c-driver\src\libbson\tests\test-bson-version.c">
      <Filter>Source Files</Filter>
    </ClCompile>
    <ClCompile Include="E:\Pub\Projects\rtcwPro\libs\mongo-c-driver\src\libbson\tests\test-clock.c">
      <Filter>Source Files</Filter>
    </ClCompile>
    <ClCompile Include="E:\Pub\Projects\rtcwPro\libs\mongo-c-driver\src\libbson\tests\test-decimal128.c">
      <Filter>Source Files</Filter>
    </ClCompile>
    <ClCompile Include="E:\Pub\Projects\rtcwPro\libs\mongo-c-driver\src\libbson\tests\test-endian.c">
      <Filter>Source Files</Filter>
    </ClCompile>
    <ClCompile Include="E:\Pub\Projects\rtcwPro\libs\mongo-c-driver\src\libbson\tests\test-iso8601.c">
      <Filter>Source Files</Filter>
    </ClCompile>
    <ClCompile Include="E:\Pub\Projects\rtcwPro\libs\mongo-c-driver\src\libbson\tests\test-iter.c">
      <Filter>Source Files</Filter>
    </ClCompile>
    <ClCompile Include="E:\Pub\Projects\rtcwPro\libs\mongo-c-driver\src\libbson\tests\test-json.c">
      <Filter>Source Files</Filter>
    </ClCompile>
    <ClCompile Include="E:\Pub\Projects\rtcwPro\libs\mongo-c-driver\src\libbson\tests\test-oid.c">
      <Filter>Source Files</Filter>
    </ClCompile>
    <ClCompile Include="E:\Pub\Projects\rtcwPro\libs\mongo-c-driver\src\libbson\tests\test-reader.c">
      <Filter>Source Files</Filter>
    </ClCompile>
    <ClCompile Include="E:\Pub\Projects\rtcwPro\libs\mongo-c-driver\src\libbson\tests\test-string.c">
      <Filter>Source Files</Filter>
    </ClCompile>
    <ClCompile Include="E:\Pub\Projects\rtcwPro\libs\mongo-c-driver\src\libbson\tests\test-utf8.c">
      <Filter>Source Files</Filter>
    </ClCompile>
    <ClCompile Include="E:\Pub\Projects\rtcwPro\libs\mongo-c-driver\src\libbson\tests\test-value.c">
      <Filter>Source Files</Filter>
    </ClCompile>
    <ClCompile Include="E:\Pub\Projects\rtcwPro\libs\mongo-c-driver\src\libbson\tests\test-writer.c">
      <Filter>Source Files</Filter>
    </ClCompile>
    <ClCompile Include="E:\Pub\Projects\rtcwPro\libs\mongo-c-driver\src\libmongoc\tests\debug-stream.c">
      <Filter>Source Files</Filter>
    </ClCompile>
    <ClCompile Include="E:\Pub\Projects\rtcwPro\libs\mongo-c-driver\src\libmongoc\tests\json-test-monitoring.c">
      <Filter>Source Files</Filter>
    </ClCompile>
    <ClCompile Include="E:\Pub\Projects\rtcwPro\libs\mongo-c-driver\src\libmongoc\tests\json-test-operations.c">
      <Filter>Source Files</Filter>
    </ClCompile>
    <ClCompile Include="E:\Pub\Projects\rtcwPro\libs\mongo-c-driver\src\libmongoc\tests\json-test.c">
      <Filter>Source Files</Filter>
    </ClCompile>
    <ClCompile Include="E:\Pub\Projects\rtcwPro\libs\mongo-c-driver\src\libmongoc\tests\mock_server\future-functions.c">
      <Filter>Source Files</Filter>
    </ClCompile>
    <ClCompile Include="E:\Pub\Projects\rtcwPro\libs\mongo-c-driver\src\libmongoc\tests\mock_server\future-value.c">
      <Filter>Source Files</Filter>
    </ClCompile>
    <ClCompile Include="E:\Pub\Projects\rtcwPro\libs\mongo-c-driver\src\libmongoc\tests\mock_server\future.c">
      <Filter>Source Files</Filter>
    </ClCompile>
    <ClCompile Include="E:\Pub\Projects\rtcwPro\libs\mongo-c-driver\src\libmongoc\tests\mock_server\mock-rs.c">
      <Filter>Source Files</Filter>
    </ClCompile>
    <ClCompile Include="E:\Pub\Projects\rtcwPro\libs\mongo-c-driver\src\libmongoc\tests\mock_server\mock-server.c">
      <Filter>Source Files</Filter>
    </ClCompile>
    <ClCompile Include="E:\Pub\Projects\rtcwPro\libs\mongo-c-driver\src\libmongoc\tests\mock_server\request.c">
      <Filter>Source Files</Filter>
    </ClCompile>
    <ClCompile Include="E:\Pub\Projects\rtcwPro\libs\mongo-c-driver\src\libmongoc\tests\mock_server\sync-queue.c">
      <Filter>Source Files</Filter>
    </ClCompile>
    <ClCompile Include="E:\Pub\Projects\rtcwPro\libs\mongo-c-driver\src\libmongoc\tests\test-conveniences.c">
      <Filter>Source Files</Filter>
    </ClCompile>
    <ClCompile Include="E:\Pub\Projects\rtcwPro\libs\mongo-c-driver\src\libmongoc\tests\test-happy-eyeballs.c">
      <Filter>Source Files</Filter>
    </ClCompile>
    <ClCompile Include="E:\Pub\Projects\rtcwPro\libs\mongo-c-driver\src\libmongoc\tests\test-libmongoc.c">
      <Filter>Source Files</Filter>
    </ClCompile>
    <ClCompile Include="E:\Pub\Projects\rtcwPro\libs\mongo-c-driver\src\libmongoc\tests\test-mongoc-aggregate.c">
      <Filter>Source Files</Filter>
    </ClCompile>
    <ClCompile Include="E:\Pub\Projects\rtcwPro\libs\mongo-c-driver\src\libmongoc\tests\test-mongoc-array.c">
      <Filter>Source Files</Filter>
    </ClCompile>
    <ClCompile Include="E:\Pub\Projects\rtcwPro\libs\mongo-c-driver\src\libmongoc\tests\test-mongoc-async.c">
      <Filter>Source Files</Filter>
    </ClCompile>
    <ClCompile Include="E:\Pub\Projects\rtcwPro\libs\mongo-c-driver\src\libmongoc\tests\test-mongoc-aws.c">
      <Filter>Source Files</Filter>
    </ClCompile>
    <ClCompile Include="E:\Pub\Projects\rtcwPro\libs\mongo-c-driver\src\libmongoc\tests\test-mongoc-background-monitoring.c">
      <Filter>Source Files</Filter>
    </ClCompile>
    <ClCompile Include="E:\Pub\Projects\rtcwPro\libs\mongo-c-driver\src\libmongoc\tests\test-mongoc-buffer.c">
      <Filter>Source Files</Filter>
    </ClCompile>
    <ClCompile Include="E:\Pub\Projects\rtcwPro\libs\mongo-c-driver\src\libmongoc\tests\test-mongoc-bulk.c">
      <Filter>Source Files</Filter>
    </ClCompile>
    <ClCompile Include="E:\Pub\Projects\rtcwPro\libs\mongo-c-driver\src\libmongoc\tests\test-mongoc-change-stream.c">
      <Filter>Source Files</Filter>
    </ClCompile>
    <ClCompile Include="E:\Pub\Projects\rtcwPro\libs\mongo-c-driver\src\libmongoc\tests\test-mongoc-client-pool.c">
      <Filter>Source Files</Filter>
    </ClCompile>
    <ClCompile Include="E:\Pub\Projects\rtcwPro\libs\mongo-c-driver\src\libmongoc\tests\test-mongoc-client-session.c">
      <Filter>Source Files</Filter>
    </ClCompile>
    <ClCompile Include="E:\Pub\Projects\rtcwPro\libs\mongo-c-driver\src\libmongoc\tests\test-mongoc-client-side-encryption.c">
      <Filter>Source Files</Filter>
    </ClCompile>
    <ClCompile Include="E:\Pub\Projects\rtcwPro\libs\mongo-c-driver\src\libmongoc\tests\test-mongoc-client.c">
      <Filter>Source Files</Filter>
    </ClCompile>
    <ClCompile Include="E:\Pub\Projects\rtcwPro\libs\mongo-c-driver\src\libmongoc\tests\test-mongoc-cluster.c">
      <Filter>Source Files</Filter>
    </ClCompile>
    <ClCompile Include="E:\Pub\Projects\rtcwPro\libs\mongo-c-driver\src\libmongoc\tests\test-mongoc-cmd.c">
      <Filter>Source Files</Filter>
    </ClCompile>
    <ClCompile Include="E:\Pub\Projects\rtcwPro\libs\mongo-c-driver\src\libmongoc\tests\test-mongoc-collection-find-with-opts.c">
      <Filter>Source Files</Filter>
    </ClCompile>
    <ClCompile Include="E:\Pub\Projects\rtcwPro\libs\mongo-c-driver\src\libmongoc\tests\test-mongoc-collection-find.c">
      <Filter>Source Files</Filter>
    </ClCompile>
    <ClCompile Include="E:\Pub\Projects\rtcwPro\libs\mongo-c-driver\src\libmongoc\tests\test-mongoc-collection.c">
      <Filter>Source Files</Filter>
    </ClCompile>
    <ClCompile Include="E:\Pub\Projects\rtcwPro\libs\mongo-c-driver\src\libmongoc\tests\test-mongoc-command-monitoring.c">
      <Filter>Source Files</Filter>
    </ClCompile>
    <ClCompile Include="E:\Pub\Projects\rtcwPro\libs\mongo-c-driver\src\libmongoc\tests\test-mongoc-connection-uri.c">
      <Filter>Source Files</Filter>
    </ClCompile>
    <ClCompile Include="E:\Pub\Projects\rtcwPro\libs\mongo-c-driver\src\libmongoc\tests\test-mongoc-counters.c">
      <Filter>Source Files</Filter>
    </ClCompile>
    <ClCompile Include="E:\Pub\Projects\rtcwPro\libs\mongo-c-driver\src\libmongoc\tests\test-mongoc-crud.c">
      <Filter>Source Files</Filter>
    </ClCompile>
    <ClCompile Include="E:\Pub\Projects\rtcwPro\libs\mongo-c-driver\src\libmongoc\tests\test-mongoc-cursor.c">
      <Filter>Source Files</Filter>
    </ClCompile>
    <ClCompile Include="E:\Pub\Projects\rtcwPro\libs\mongo-c-driver\src\libmongoc\tests\test-mongoc-database.c">
      <Filter>Source Files</Filter>
    </ClCompile>
    <ClCompile Include="E:\Pub\Projects\rtcwPro\libs\mongo-c-driver\src\libmongoc\tests\test-mongoc-dns.c">
      <Filter>Source Files</Filter>
    </ClCompile>
    <ClCompile Include="E:\Pub\Projects\rtcwPro\libs\mongo-c-driver\src\libmongoc\tests\test-mongoc-error.c">
      <Filter>Source Files</Filter>
    </ClCompile>
    <ClCompile Include="E:\Pub\Projects\rtcwPro\libs\mongo-c-driver\src\libmongoc\tests\test-mongoc-exhaust.c">
      <Filter>Source Files</Filter>
    </ClCompile>
    <ClCompile Include="E:\Pub\Projects\rtcwPro\libs\mongo-c-driver\src\libmongoc\tests\test-mongoc-find-and-modify.c">
      <Filter>Source Files</Filter>
    </ClCompile>
    <ClCompile Include="E:\Pub\Projects\rtcwPro\libs\mongo-c-driver\src\libmongoc\tests\test-mongoc-gridfs-bucket.c">
      <Filter>Source Files</Filter>
    </ClCompile>
    <ClCompile Include="E:\Pub\Projects\rtcwPro\libs\mongo-c-driver\src\libmongoc\tests\test-mongoc-gridfs-file-page.c">
      <Filter>Source Files</Filter>
    </ClCompile>
    <ClCompile Include="E:\Pub\Projects\rtcwPro\libs\mongo-c-driver\src\libmongoc\tests\test-mongoc-gridfs.c">
      <Filter>Source Files</Filter>
    </ClCompile>
    <ClCompile Include="E:\Pub\Projects\rtcwPro\libs\mongo-c-driver\src\libmongoc\tests\test-mongoc-handshake.c">
      <Filter>Source Files</Filter>
    </ClCompile>
    <ClCompile Include="E:\Pub\Projects\rtcwPro\libs\mongo-c-driver\src\libmongoc\tests\test-mongoc-hedged-reads.c">
      <Filter>Source Files</Filter>
    </ClCompile>
    <ClCompile Include="E:\Pub\Projects\rtcwPro\libs\mongo-c-driver\src\libmongoc\tests\test-mongoc-http.c">
      <Filter>Source Files</Filter>
    </ClCompile>
    <ClCompile Include="E:\Pub\Projects\rtcwPro\libs\mongo-c-driver\src\libmongoc\tests\test-mongoc-interrupt.c">
      <Filter>Source Files</Filter>
    </ClCompile>
    <ClCompile Include="E:\Pub\Projects\rtcwPro\libs\mongo-c-driver\src\libmongoc\tests\test-mongoc-linux-distro-scanner.c">
      <Filter>Source Files</Filter>
    </ClCompile>
    <ClCompile Include="E:\Pub\Projects\rtcwPro\libs\mongo-c-driver\src\libmongoc\tests\test-mongoc-list.c">
      <Filter>Source Files</Filter>
    </ClCompile>
    <ClCompile Include="E:\Pub\Projects\rtcwPro\libs\mongo-c-driver\src\libmongoc\tests\test-mongoc-log.c">
      <Filter>Source Files</Filter>
    </ClCompile>
    <ClCompile Include="E:\Pub\Projects\rtcwPro\libs\mongo-c-driver\src\libmongoc\tests\test-mongoc-long-namespace.c">
      <Filter>Source Files</Filter>
    </ClCompile>
    <ClCompile Include="E:\Pub\Projects\rtcwPro\libs\mongo-c-driver\src\libmongoc\tests\test-mongoc-matcher.c">
      <Filter>Source Files</Filter>
    </ClCompile>
    <ClCompile Include="E:\Pub\Projects\rtcwPro\libs\mongo-c-driver\src\libmongoc\tests\test-mongoc-max-staleness.c">
      <Filter>Source Files</Filter>
    </ClCompile>
    <ClCompile Include="E:\Pub\Projects\rtcwPro\libs\mongo-c-driver\src\libmongoc\tests\test-mongoc-mongos-pinning.c">
      <Filter>Source Files</Filter>
    </ClCompile>
    <ClCompile Include="E:\Pub\Projects\rtcwPro\libs\mongo-c-driver\src\libmongoc\tests\test-mongoc-opts.c">
      <Filter>Source Files</Filter>
    </ClCompile>
    <ClCompile Include="E:\Pub\Projects\rtcwPro\libs\mongo-c-driver\src\libmongoc\tests\test-mongoc-primary-stepdown.c">
      <Filter>Source Files</Filter>
    </ClCompile>
    <ClCompile Include="E:\Pub\Projects\rtcwPro\libs\mongo-c-driver\src\libmongoc\tests\test-mongoc-queue.c">
      <Filter>Source Files</Filter>
    </ClCompile>
    <ClCompile Include="E:\Pub\Projects\rtcwPro\libs\mongo-c-driver\src\libmongoc\tests\test-mongoc-read-concern.c">
      <Filter>Source Files</Filter>
    </ClCompile>
    <ClCompile Include="E:\Pub\Projects\rtcwPro\libs\mongo-c-driver\src\libmongoc\tests\test-mongoc-read-prefs.c">
      <Filter>Source Files</Filter>
    </ClCompile>
    <ClCompile Include="E:\Pub\Projects\rtcwPro\libs\mongo-c-driver\src\libmongoc\tests\test-mongoc-read-write-concern.c">
      <Filter>Source Files</Filter>
    </ClCompile>
    <ClCompile Include="E:\Pub\Projects\rtcwPro\libs\mongo-c-driver\src\libmongoc\tests\test-mongoc-retryable-reads.c">
      <Filter>Source Files</Filter>
    </ClCompile>
    <ClCompile Include="E:\Pub\Projects\rtcwPro\libs\mongo-c-driver\src\libmongoc\tests\test-mongoc-retryable-writes.c">
      <Filter>Source Files</Filter>
    </ClCompile>
    <ClCompile Include="E:\Pub\Projects\rtcwPro\libs\mongo-c-driver\src\libmongoc\tests\test-mongoc-rpc.c">
      <Filter>Source Files</Filter>
    </ClCompile>
    <ClCompile Include="E:\Pub\Projects\rtcwPro\libs\mongo-c-driver\src\libmongoc\tests\test-mongoc-sample-commands.c">
      <Filter>Source Files</Filter>
    </ClCompile>
    <ClCompile Include="E:\Pub\Projects\rtcwPro\libs\mongo-c-driver\src\libmongoc\tests\test-mongoc-scram.c">
      <Filter>Source Files</Filter>
    </ClCompile>
    <ClCompile Include="E:\Pub\Projects\rtcwPro\libs\mongo-c-driver\src\libmongoc\tests\test-mongoc-sdam-monitoring.c">
      <Filter>Source Files</Filter>
    </ClCompile>
    <ClCompile Include="E:\Pub\Projects\rtcwPro\libs\mongo-c-driver\src\libmongoc\tests\test-mongoc-sdam.c">
      <Filter>Source Files</Filter>
    </ClCompile>
    <ClCompile Include="E:\Pub\Projects\rtcwPro\libs\mongo-c-driver\src\libmongoc\tests\test-mongoc-server-description.c">
      <Filter>Source Files</Filter>
    </ClCompile>
    <ClCompile Include="E:\Pub\Projects\rtcwPro\libs\mongo-c-driver\src\libmongoc\tests\test-mongoc-server-selection-errors.c">
      <Filter>Source Files</Filter>
    </ClCompile>
    <ClCompile Include="E:\Pub\Projects\rtcwPro\libs\mongo-c-driver\src\libmongoc\tests\test-mongoc-server-selection.c">
      <Filter>Source Files</Filter>
    </ClCompile>
    <ClCompile Include="E:\Pub\Projects\rtcwPro\libs\mongo-c-driver\src\libmongoc\tests\test-mongoc-set.c">
      <Filter>Source Files</Filter>
    </ClCompile>
    <ClCompile Include="E:\Pub\Projects\rtcwPro\libs\mongo-c-driver\src\libmongoc\tests\test-mongoc-socket.c">
      <Filter>Source Files</Filter>
    </ClCompile>
    <ClCompile Include="E:\Pub\Projects\rtcwPro\libs\mongo-c-driver\src\libmongoc\tests\test-mongoc-speculative-auth.c">
      <Filter>Source Files</Filter>
    </ClCompile>
    <ClCompile Include="E:\Pub\Projects\rtcwPro\libs\mongo-c-driver\src\libmongoc\tests\test-mongoc-stream.c">
      <Filter>Source Files</Filter>
    </ClCompile>
    <ClCompile Include="E:\Pub\Projects\rtcwPro\libs\mongo-c-driver\src\libmongoc\tests\test-mongoc-streamable-ismaster.c">
      <Filter>Source Files</Filter>
    </ClCompile>
    <ClCompile Include="E:\Pub\Projects\rtcwPro\libs\mongo-c-driver\src\libmongoc\tests\test-mongoc-thread.c">
      <Filter>Source Files</Filter>
    </ClCompile>
    <ClCompile Include="E:\Pub\Projects\rtcwPro\libs\mongo-c-driver\src\libmongoc\tests\test-mongoc-topology-description.c">
      <Filter>Source Files</Filter>
    </ClCompile>
    <ClCompile Include="E:\Pub\Projects\rtcwPro\libs\mongo-c-driver\src\libmongoc\tests\test-mongoc-topology-reconcile.c">
      <Filter>Source Files</Filter>
    </ClCompile>
    <ClCompile Include="E:\Pub\Projects\rtcwPro\libs\mongo-c-driver\src\libmongoc\tests\test-mongoc-topology-scanner.c">
      <Filter>Source Files</Filter>
    </ClCompile>
    <ClCompile Include="E:\Pub\Projects\rtcwPro\libs\mongo-c-driver\src\libmongoc\tests\test-mongoc-topology.c">
      <Filter>Source Files</Filter>
    </ClCompile>
    <ClCompile Include="E:\Pub\Projects\rtcwPro\libs\mongo-c-driver\src\libmongoc\tests\test-mongoc-transactions.c">
      <Filter>Source Files</Filter>
    </ClCompile>
    <ClCompile Include="E:\Pub\Projects\rtcwPro\libs\mongo-c-driver\src\libmongoc\tests\test-mongoc-uri.c">
      <Filter>Source Files</Filter>
    </ClCompile>
    <ClCompile Include="E:\Pub\Projects\rtcwPro\libs\mongo-c-driver\src\libmongoc\tests\test-mongoc-usleep.c">
      <Filter>Source Files</Filter>
    </ClCompile>
    <ClCompile Include="E:\Pub\Projects\rtcwPro\libs\mongo-c-driver\src\libmongoc\tests\test-mongoc-util.c">
      <Filter>Source Files</Filter>
    </ClCompile>
    <ClCompile Include="E:\Pub\Projects\rtcwPro\libs\mongo-c-driver\src\libmongoc\tests\test-mongoc-version.c">
      <Filter>Source Files</Filter>
    </ClCompile>
    <ClCompile Include="E:\Pub\Projects\rtcwPro\libs\mongo-c-driver\src\libmongoc\tests\test-mongoc-with-transaction.c">
      <Filter>Source Files</Filter>
    </ClCompile>
    <ClCompile Include="E:\Pub\Projects\rtcwPro\libs\mongo-c-driver\src\libmongoc\tests\test-mongoc-write-commands.c">
      <Filter>Source Files</Filter>
    </ClCompile>
    <ClCompile Include="E:\Pub\Projects\rtcwPro\libs\mongo-c-driver\src\libmongoc\tests\test-mongoc-write-concern.c">
      <Filter>Source Files</Filter>
    </ClCompile>
    <ClCompile Include="E:\Pub\Projects\rtcwPro\libs\mongo-c-driver\src\libmongoc\tests\TestSuite.c">
      <Filter>Source Files</Filter>
    </ClCompile>
    <ClCompile Include="E:\Pub\Projects\rtcwPro\libs\mongo-c-driver\src\libmongoc\tests\ssl-test.c">
      <Filter>Source Files</Filter>
    </ClCompile>
    <ClCompile Include="E:\Pub\Projects\rtcwPro\libs\mongo-c-driver\src\libmongoc\tests\test-mongoc-stream-tls-error.c">
      <Filter>Source Files</Filter>
    </ClCompile>
    <ClCompile Include="E:\Pub\Projects\rtcwPro\libs\mongo-c-driver\src\libmongoc\tests\test-mongoc-stream-tls.c">
      <Filter>Source Files</Filter>
    </ClCompile>
    <ClCompile Include="E:\Pub\Projects\rtcwPro\libs\mongo-c-driver\src\libmongoc\tests\test-mongoc-x509.c">
      <Filter>Source Files</Filter>
    </ClCompile>
    <ClCompile Include="E:\Pub\Projects\rtcwPro\libs\mongo-c-driver\src\libmongoc\tests\test-mongoc-ocsp-cache.c">
      <Filter>Source Files</Filter>
    </ClCompile>
  </ItemGroup>
  <ItemGroup>
    <ClInclude Include="E:\Pub\Projects\rtcwPro\libs\mongo-c-driver\src\libbson\tests\corpus-test.h">
      <Filter>Header Files</Filter>
    </ClInclude>
  </ItemGroup>
  <ItemGroup>
    <CustomBuild Include="E:\Pub\Projects\rtcwPro\libs\mongo-c-driver\src\libmongoc\CMakeLists.txt" />
  </ItemGroup>
  <ItemGroup>
    <Filter Include="Header Files">
      <UniqueIdentifier>{6583DCC4-0FA2-356F-8D30-08A9966F1A4E}</UniqueIdentifier>
    </Filter>
    <Filter Include="Source Files">
      <UniqueIdentifier>{63944ABA-87D9-37ED-A280-339A46730700}</UniqueIdentifier>
    </Filter>
  </ItemGroup>
</Project>
