Microsoft Visual Studio Solution File, Format Version 12.00
# Visual Studio 16
Project("{8BC9CEB8-8B4A-11D0-8D11-00A0C91BC942}") = "ALL_BUILD", "ALL_BUILD.vcxproj", "{B37EA661-C716-3797-8FA8-5B6FE438EF2B}"
	ProjectSection(ProjectDependencies) = postProject
		{02039255-82F7-365A-AAB8-07A39A20ABDF} = {02039255-82F7-365A-AAB8-07A39A20ABDF}
		{07358560-7410-3AA3-A4A1-F3223ED9C5F8} = {07358560-7410-3AA3-A4A1-F3223ED9C5F8}
		{97B4D2C8-2F46-32E9-B739-A8C6A5AE8415} = {97B4D2C8-2F46-32E9-B739-A8C6A5AE8415}
		{3781CDBF-D06F-3BF3-9B98-943AE2EA6284} = {3781CDBF-D06F-3BF3-9B98-943AE2EA6284}
		{884DD157-40B8-3CFD-B642-D4BEA466D8D5} = {884DD157-40B8-3CFD-B642-D4BEA466D8D5}
		{5D6EF458-1174-35F9-8A9A-0C9113F853D7} = {5D6EF458-1174-35F9-8A9A-0C9113F853D7}
		{6158B93D-1A8E-3F1D-8186-B5B22EA44542} = {6158B93D-1A8E-3F1D-8186-B5B22EA44542}
		{20A16681-36F0-32AD-A7E5-2BA8C00653EF} = {20A16681-36F0-32AD-A7E5-2BA8C00653EF}
		{B08CE907-7BFF-3105-A110-8EC40DB45E68} = {B08CE907-7BFF-3105-A110-8EC40DB45E68}
		{5D34C605-9242-386A-98B2-15BC29068BE1} = {5D34C605-9242-386A-98B2-15BC29068BE1}
	EndProjectSection
EndProject
Project("{8BC9CEB8-8B4A-11D0-8D11-00A0C91BC942}") = "INSTALL", "INSTALL.vcxproj", "{217D63DB-6C27-3558-82D2-8289C85827DC}"
	ProjectSection(ProjectDependencies) = postProject
		{B37EA661-C716-3797-8FA8-5B6FE438EF2B} = {B37EA661-C716-3797-8FA8-5B6FE438EF2B}
		{02039255-82F7-365A-AAB8-07A39A20ABDF} = {02039255-82F7-365A-AAB8-07A39A20ABDF}
	EndProjectSection
EndProject
Project("{8BC9CEB8-8B4A-11D0-8D11-00A0C91BC942}") = "PACKAGE", "PACKAGE.vcxproj", "{9CACBCF8-D519-3212-BAEA-E47395AB687C}"
	ProjectSection(ProjectDependencies) = postProject
		{B37EA661-C716-3797-8FA8-5B6FE438EF2B} = {B37EA661-C716-3797-8FA8-5B6FE438EF2B}
		{02039255-82F7-365A-AAB8-07A39A20ABDF} = {02039255-82F7-365A-AAB8-07A39A20ABDF}
	EndProjectSection
EndProject
Project("{8BC9CEB8-8B4A-11D0-8D11-00A0C91BC942}") = "ZERO_CHECK", "..\..\\ZERO_CHECK.vcxproj", "{02039255-82F7-365A-AAB8-07A39A20ABDF}"
	ProjectSection(ProjectDependencies) = postProject
	EndProjectSection
EndProject
Project("{8BC9CEB8-8B4A-11D0-8D11-00A0C91BC942}") = "bcon-col-view", "bcon-col-view.vcxproj", "{07358560-7410-3AA3-A4A1-F3223ED9C5F8}"
	ProjectSection(ProjectDependencies) = postProject
		{02039255-82F7-365A-AAB8-07A39A20ABDF} = {02039255-82F7-365A-AAB8-07A39A20ABDF}
		{20A16681-36F0-32AD-A7E5-2BA8C00653EF} = {20A16681-36F0-32AD-A7E5-2BA8C00653EF}
	EndProjectSection
EndProject
Project("{8BC9CEB8-8B4A-11D0-8D11-00A0C91BC942}") = "bcon-speed", "bcon-speed.vcxproj", "{97B4D2C8-2F46-32E9-B739-A8C6A5AE8415}"
	ProjectSection(ProjectDependencies) = postProject
		{02039255-82F7-365A-AAB8-07A39A20ABDF} = {02039255-82F7-365A-AAB8-07A39A20ABDF}
		{20A16681-36F0-32AD-A7E5-2BA8C00653EF} = {20A16681-36F0-32AD-A7E5-2BA8C00653EF}
	EndProjectSection
EndProject
Project("{8BC9CEB8-8B4A-11D0-8D11-00A0C91BC942}") = "bson-check-depth", "bson-check-depth.vcxproj", "{3781CDBF-D06F-3BF3-9B98-943AE2EA6284}"
	ProjectSection(ProjectDependencies) = postProject
		{02039255-82F7-365A-AAB8-07A39A20ABDF} = {02039255-82F7-365A-AAB8-07A39A20ABDF}
		{20A16681-36F0-32AD-A7E5-2BA8C00653EF} = {20A16681-36F0-32AD-A7E5-2BA8C00653EF}
	EndProjectSection
EndProject
Project("{8BC9CEB8-8B4A-11D0-8D11-00A0C91BC942}") = "bson-metrics", "bson-metrics.vcxproj", "{884DD157-40B8-3CFD-B642-D4BEA466D8D5}"
	ProjectSection(ProjectDependencies) = postProject
		{02039255-82F7-365A-AAB8-07A39A20ABDF} = {02039255-82F7-365A-AAB8-07A39A20ABDF}
		{20A16681-36F0-32AD-A7E5-2BA8C00653EF} = {20A16681-36F0-32AD-A7E5-2BA8C00653EF}
	EndProjectSection
EndProject
Project("{8BC9CEB8-8B4A-11D0-8D11-00A0C91BC942}") = "bson-to-json", "bson-to-json.vcxproj", "{5D6EF458-1174-35F9-8A9A-0C9113F853D7}"
	ProjectSection(ProjectDependencies) = postProject
		{02039255-82F7-365A-AAB8-07A39A20ABDF} = {02039255-82F7-365A-AAB8-07A39A20ABDF}
		{20A16681-36F0-32AD-A7E5-2BA8C00653EF} = {20A16681-36F0-32AD-A7E5-2BA8C00653EF}
	EndProjectSection
EndProject
Project("{8BC9CEB8-8B4A-11D0-8D11-00A0C91BC942}") = "bson-validate", "bson-validate.vcxproj", "{6158B93D-1A8E-3F1D-8186-B5B22EA44542}"
	ProjectSection(ProjectDependencies) = postProject
		{02039255-82F7-365A-AAB8-07A39A20ABDF} = {02039255-82F7-365A-AAB8-07A39A20ABDF}
		{20A16681-36F0-32AD-A7E5-2BA8C00653EF} = {20A16681-36F0-32AD-A7E5-2BA8C00653EF}
	EndProjectSection
EndProject
Project("{8BC9CEB8-8B4A-11D0-8D11-00A0C91BC942}") = "bson_shared", "bson_shared.vcxproj", "{20A16681-36F0-32AD-A7E5-2BA8C00653EF}"
	ProjectSection(ProjectDependencies) = postProject
		{02039255-82F7-365A-AAB8-07A39A20ABDF} = {02039255-82F7-365A-AAB8-07A39A20ABDF}
	EndProjectSection
EndProject
Project("{8BC9CEB8-8B4A-11D0-8D11-00A0C91BC942}") = "bson_static", "bson_static.vcxproj", "{B08CE907-7BFF-3105-A110-8EC40DB45E68}"
	ProjectSection(ProjectDependencies) = postProject
		{02039255-82F7-365A-AAB8-07A39A20ABDF} = {02039255-82F7-365A-AAB8-07A39A20ABDF}
	EndProjectSection
EndProject
Project("{8BC9CEB8-8B4A-11D0-8D11-00A0C91BC942}") = "json-to-bson", "json-to-bson.vcxproj", "{5D34C605-9242-386A-98B2-15BC29068BE1}"
	ProjectSection(ProjectDependencies) = postProject
		{02039255-82F7-365A-AAB8-07A39A20ABDF} = {02039255-82F7-365A-AAB8-07A39A20ABDF}
		{20A16681-36F0-32AD-A7E5-2BA8C00653EF} = {20A16681-36F0-32AD-A7E5-2BA8C00653EF}
	EndProjectSection
EndProject
Global
	GlobalSection(SolutionConfigurationPlatforms) = preSolution
		Debug|Win32 = Debug|Win32
		Release|Win32 = Release|Win32
		MinSizeRel|Win32 = MinSizeRel|Win32
		RelWithDebInfo|Win32 = RelWithDebInfo|Win32
	EndGlobalSection
	GlobalSection(ProjectConfigurationPlatforms) = postSolution
		{B37EA661-C716-3797-8FA8-5B6FE438EF2B}.Debug|Win32.ActiveCfg = Debug|Win32
		{B37EA661-C716-3797-8FA8-5B6FE438EF2B}.Debug|Win32.Build.0 = Debug|Win32
		{B37EA661-C716-3797-8FA8-5B6FE438EF2B}.Release|Win32.ActiveCfg = Release|Win32
		{B37EA661-C716-3797-8FA8-5B6FE438EF2B}.Release|Win32.Build.0 = Release|Win32
		{B37EA661-C716-3797-8FA8-5B6FE438EF2B}.MinSizeRel|Win32.ActiveCfg = MinSizeRel|Win32
		{B37EA661-C716-3797-8FA8-5B6FE438EF2B}.MinSizeRel|Win32.Build.0 = MinSizeRel|Win32
		{B37EA661-C716-3797-8FA8-5B6FE438EF2B}.RelWithDebInfo|Win32.ActiveCfg = RelWithDebInfo|Win32
		{B37EA661-C716-3797-8FA8-5B6FE438EF2B}.RelWithDebInfo|Win32.Build.0 = RelWithDebInfo|Win32
		{217D63DB-6C27-3558-82D2-8289C85827DC}.Debug|Win32.ActiveCfg = Debug|Win32
		{217D63DB-6C27-3558-82D2-8289C85827DC}.Release|Win32.ActiveCfg = Release|Win32
		{217D63DB-6C27-3558-82D2-8289C85827DC}.MinSizeRel|Win32.ActiveCfg = MinSizeRel|Win32
		{217D63DB-6C27-3558-82D2-8289C85827DC}.RelWithDebInfo|Win32.ActiveCfg = RelWithDebInfo|Win32
		{9CACBCF8-D519-3212-BAEA-E47395AB687C}.Debug|Win32.ActiveCfg = Debug|Win32
		{9CACBCF8-D519-3212-BAEA-E47395AB687C}.Release|Win32.ActiveCfg = Release|Win32
		{9CACBCF8-D519-3212-BAEA-E47395AB687C}.MinSizeRel|Win32.ActiveCfg = MinSizeRel|Win32
		{9CACBCF8-D519-3212-BAEA-E47395AB687C}.RelWithDebInfo|Win32.ActiveCfg = RelWithDebInfo|Win32
		{02039255-82F7-365A-AAB8-07A39A20ABDF}.Debug|Win32.ActiveCfg = Debug|Win32
		{02039255-82F7-365A-AAB8-07A39A20ABDF}.Debug|Win32.Build.0 = Debug|Win32
		{02039255-82F7-365A-AAB8-07A39A20ABDF}.Release|Win32.ActiveCfg = Release|Win32
		{02039255-82F7-365A-AAB8-07A39A20ABDF}.Release|Win32.Build.0 = Release|Win32
		{02039255-82F7-365A-AAB8-07A39A20ABDF}.MinSizeRel|Win32.ActiveCfg = MinSizeRel|Win32
		{02039255-82F7-365A-AAB8-07A39A20ABDF}.MinSizeRel|Win32.Build.0 = MinSizeRel|Win32
		{02039255-82F7-365A-AAB8-07A39A20ABDF}.RelWithDebInfo|Win32.ActiveCfg = RelWithDebInfo|Win32
		{02039255-82F7-365A-AAB8-07A39A20ABDF}.RelWithDebInfo|Win32.Build.0 = RelWithDebInfo|Win32
		{07358560-7410-3AA3-A4A1-F3223ED9C5F8}.Debug|Win32.ActiveCfg = Debug|Win32
		{07358560-7410-3AA3-A4A1-F3223ED9C5F8}.Debug|Win32.Build.0 = Debug|Win32
		{07358560-7410-3AA3-A4A1-F3223ED9C5F8}.Release|Win32.ActiveCfg = Release|Win32
		{07358560-7410-3AA3-A4A1-F3223ED9C5F8}.Release|Win32.Build.0 = Release|Win32
		{07358560-7410-3AA3-A4A1-F3223ED9C5F8}.MinSizeRel|Win32.ActiveCfg = MinSizeRel|Win32
		{07358560-7410-3AA3-A4A1-F3223ED9C5F8}.MinSizeRel|Win32.Build.0 = MinSizeRel|Win32
		{07358560-7410-3AA3-A4A1-F3223ED9C5F8}.RelWithDebInfo|Win32.ActiveCfg = RelWithDebInfo|Win32
		{07358560-7410-3AA3-A4A1-F3223ED9C5F8}.RelWithDebInfo|Win32.Build.0 = RelWithDebInfo|Win32
		{97B4D2C8-2F46-32E9-B739-A8C6A5AE8415}.Debug|Win32.ActiveCfg = Debug|Win32
		{97B4D2C8-2F46-32E9-B739-A8C6A5AE8415}.Debug|Win32.Build.0 = Debug|Win32
		{97B4D2C8-2F46-32E9-B739-A8C6A5AE8415}.Release|Win32.ActiveCfg = Release|Win32
		{97B4D2C8-2F46-32E9-B739-A8C6A5AE8415}.Release|Win32.Build.0 = Release|Win32
		{97B4D2C8-2F46-32E9-B739-A8C6A5AE8415}.MinSizeRel|Win32.ActiveCfg = MinSizeRel|Win32
		{97B4D2C8-2F46-32E9-B739-A8C6A5AE8415}.MinSizeRel|Win32.Build.0 = MinSizeRel|Win32
		{97B4D2C8-2F46-32E9-B739-A8C6A5AE8415}.RelWithDebInfo|Win32.ActiveCfg = RelWithDebInfo|Win32
		{97B4D2C8-2F46-32E9-B739-A8C6A5AE8415}.RelWithDebInfo|Win32.Build.0 = RelWithDebInfo|Win32
		{3781CDBF-D06F-3BF3-9B98-943AE2EA6284}.Debug|Win32.ActiveCfg = Debug|Win32
		{3781CDBF-D06F-3BF3-9B98-943AE2EA6284}.Debug|Win32.Build.0 = Debug|Win32
		{3781CDBF-D06F-3BF3-9B98-943AE2EA6284}.Release|Win32.ActiveCfg = Release|Win32
		{3781CDBF-D06F-3BF3-9B98-943AE2EA6284}.Release|Win32.Build.0 = Release|Win32
		{3781CDBF-D06F-3BF3-9B98-943AE2EA6284}.MinSizeRel|Win32.ActiveCfg = MinSizeRel|Win32
		{3781CDBF-D06F-3BF3-9B98-943AE2EA6284}.MinSizeRel|Win32.Build.0 = MinSizeRel|Win32
		{3781CDBF-D06F-3BF3-9B98-943AE2EA6284}.RelWithDebInfo|Win32.ActiveCfg = RelWithDebInfo|Win32
		{3781CDBF-D06F-3BF3-9B98-943AE2EA6284}.RelWithDebInfo|Win32.Build.0 = RelWithDebInfo|Win32
		{884DD157-40B8-3CFD-B642-D4BEA466D8D5}.Debug|Win32.ActiveCfg = Debug|Win32
		{884DD157-40B8-3CFD-B642-D4BEA466D8D5}.Debug|Win32.Build.0 = Debug|Win32
		{884DD157-40B8-3CFD-B642-D4BEA466D8D5}.Release|Win32.ActiveCfg = Release|Win32
		{884DD157-40B8-3CFD-B642-D4BEA466D8D5}.Release|Win32.Build.0 = Release|Win32
		{884DD157-40B8-3CFD-B642-D4BEA466D8D5}.MinSizeRel|Win32.ActiveCfg = MinSizeRel|Win32
		{884DD157-40B8-3CFD-B642-D4BEA466D8D5}.MinSizeRel|Win32.Build.0 = MinSizeRel|Win32
		{884DD157-40B8-3CFD-B642-D4BEA466D8D5}.RelWithDebInfo|Win32.ActiveCfg = RelWithDebInfo|Win32
		{884DD157-40B8-3CFD-B642-D4BEA466D8D5}.RelWithDebInfo|Win32.Build.0 = RelWithDebInfo|Win32
		{5D6EF458-1174-35F9-8A9A-0C9113F853D7}.Debug|Win32.ActiveCfg = Debug|Win32
		{5D6EF458-1174-35F9-8A9A-0C9113F853D7}.Debug|Win32.Build.0 = Debug|Win32
		{5D6EF458-1174-35F9-8A9A-0C9113F853D7}.Release|Win32.ActiveCfg = Release|Win32
		{5D6EF458-1174-35F9-8A9A-0C9113F853D7}.Release|Win32.Build.0 = Release|Win32
		{5D6EF458-1174-35F9-8A9A-0C9113F853D7}.MinSizeRel|Win32.ActiveCfg = MinSizeRel|Win32
		{5D6EF458-1174-35F9-8A9A-0C9113F853D7}.MinSizeRel|Win32.Build.0 = MinSizeRel|Win32
		{5D6EF458-1174-35F9-8A9A-0C9113F853D7}.RelWithDebInfo|Win32.ActiveCfg = RelWithDebInfo|Win32
		{5D6EF458-1174-35F9-8A9A-0C9113F853D7}.RelWithDebInfo|Win32.Build.0 = RelWithDebInfo|Win32
		{6158B93D-1A8E-3F1D-8186-B5B22EA44542}.Debug|Win32.ActiveCfg = Debug|Win32
		{6158B93D-1A8E-3F1D-8186-B5B22EA44542}.Debug|Win32.Build.0 = Debug|Win32
		{6158B93D-1A8E-3F1D-8186-B5B22EA44542}.Release|Win32.ActiveCfg = Release|Win32
		{6158B93D-1A8E-3F1D-8186-B5B22EA44542}.Release|Win32.Build.0 = Release|Win32
		{6158B93D-1A8E-3F1D-8186-B5B22EA44542}.MinSizeRel|Win32.ActiveCfg = MinSizeRel|Win32
		{6158B93D-1A8E-3F1D-8186-B5B22EA44542}.MinSizeRel|Win32.Build.0 = MinSizeRel|Win32
		{6158B93D-1A8E-3F1D-8186-B5B22EA44542}.RelWithDebInfo|Win32.ActiveCfg = RelWithDebInfo|Win32
		{6158B93D-1A8E-3F1D-8186-B5B22EA44542}.RelWithDebInfo|Win32.Build.0 = RelWithDebInfo|Win32
		{20A16681-36F0-32AD-A7E5-2BA8C00653EF}.Debug|Win32.ActiveCfg = Debug|Win32
		{20A16681-36F0-32AD-A7E5-2BA8C00653EF}.Debug|Win32.Build.0 = Debug|Win32
		{20A16681-36F0-32AD-A7E5-2BA8C00653EF}.Release|Win32.ActiveCfg = Release|Win32
		{20A16681-36F0-32AD-A7E5-2BA8C00653EF}.Release|Win32.Build.0 = Release|Win32
		{20A16681-36F0-32AD-A7E5-2BA8C00653EF}.MinSizeRel|Win32.ActiveCfg = MinSizeRel|Win32
		{20A16681-36F0-32AD-A7E5-2BA8C00653EF}.MinSizeRel|Win32.Build.0 = MinSizeRel|Win32
		{20A16681-36F0-32AD-A7E5-2BA8C00653EF}.RelWithDebInfo|Win32.ActiveCfg = RelWithDebInfo|Win32
		{20A16681-36F0-32AD-A7E5-2BA8C00653EF}.RelWithDebInfo|Win32.Build.0 = RelWithDebInfo|Win32
		{B08CE907-7BFF-3105-A110-8EC40DB45E68}.Debug|Win32.ActiveCfg = Debug|Win32
		{B08CE907-7BFF-3105-A110-8EC40DB45E68}.Debug|Win32.Build.0 = Debug|Win32
		{B08CE907-7BFF-3105-A110-8EC40DB45E68}.Release|Win32.ActiveCfg = Release|Win32
		{B08CE907-7BFF-3105-A110-8EC40DB45E68}.Release|Win32.Build.0 = Release|Win32
		{B08CE907-7BFF-3105-A110-8EC40DB45E68}.MinSizeRel|Win32.ActiveCfg = MinSizeRel|Win32
		{B08CE907-7BFF-3105-A110-8EC40DB45E68}.MinSizeRel|Win32.Build.0 = MinSizeRel|Win32
		{B08CE907-7BFF-3105-A110-8EC40DB45E68}.RelWithDebInfo|Win32.ActiveCfg = RelWithDebInfo|Win32
		{B08CE907-7BFF-3105-A110-8EC40DB45E68}.RelWithDebInfo|Win32.Build.0 = RelWithDebInfo|Win32
		{5D34C605-9242-386A-98B2-15BC29068BE1}.Debug|Win32.ActiveCfg = Debug|Win32
		{5D34C605-9242-386A-98B2-15BC29068BE1}.Debug|Win32.Build.0 = Debug|Win32
		{5D34C605-9242-386A-98B2-15BC29068BE1}.Release|Win32.ActiveCfg = Release|Win32
		{5D34C605-9242-386A-98B2-15BC29068BE1}.Release|Win32.Build.0 = Release|Win32
		{5D34C605-9242-386A-98B2-15BC29068BE1}.MinSizeRel|Win32.ActiveCfg = MinSizeRel|Win32
		{5D34C605-9242-386A-98B2-15BC29068BE1}.MinSizeRel|Win32.Build.0 = MinSizeRel|Win32
		{5D34C605-9242-386A-98B2-15BC29068BE1}.RelWithDebInfo|Win32.ActiveCfg = RelWithDebInfo|Win32
		{5D34C605-9242-386A-98B2-15BC29068BE1}.RelWithDebInfo|Win32.Build.0 = RelWithDebInfo|Win32
	EndGlobalSection
	GlobalSection(ExtensibilityGlobals) = postSolution
		SolutionGuid = {D3B6F362-4625-3C5E-9110-E90DADE9B000}
	EndGlobalSection
	GlobalSection(ExtensibilityAddIns) = postSolution
	EndGlobalSection
EndGlobal
