Microsoft Visual Studio Solution File, Format Version 12.00
# Visual Studio 16
Project("{8BC9CEB8-8B4A-11D0-8D11-00A0C91BC942}") = "ALL_BUILD", "ALL_BUILD.vcxproj", "{B37EA661-C716-3797-8FA8-5B6FE438EF2B}"
	ProjectSection(ProjectDependencies) = postProject
		{02039255-82F7-365A-AAB8-07A39A20ABDF} = {02039255-82F7-365A-AAB8-07A39A20ABDF}
		{7153988C-0983-308B-A676-C7862AB443DE} = {7153988C-0983-308B-A676-C7862AB443DE}
		{5248756D-CCB6-366A-B50B-FFA81D579A7F} = {5248756D-CCB6-366A-B50B-FFA81D579A7F}
		{07358560-7410-3AA3-A4A1-F3223ED9C5F8} = {07358560-7410-3AA3-A4A1-F3223ED9C5F8}
		{97B4D2C8-2F46-32E9-B739-A8C6A5AE8415} = {97B4D2C8-2F46-32E9-B739-A8C6A5AE8415}
		{3781CDBF-D06F-3BF3-9B98-943AE2EA6284} = {3781CDBF-D06F-3BF3-9B98-943AE2EA6284}
		{884DD157-40B8-3CFD-B642-D4BEA466D8D5} = {884DD157-40B8-3CFD-B642-D4BEA466D8D5}
		{5D6EF458-1174-35F9-8A9A-0C9113F853D7} = {5D6EF458-1174-35F9-8A9A-0C9113F853D7}
		{6158B93D-1A8E-3F1D-8186-B5B22EA44542} = {6158B93D-1A8E-3F1D-8186-B5B22EA44542}
		{20A16681-36F0-32AD-A7E5-2BA8C00653EF} = {20A16681-36F0-32AD-A7E5-2BA8C00653EF}
		{B08CE907-7BFF-3105-A110-8EC40DB45E68} = {B08CE907-7BFF-3105-A110-8EC40DB45E68}
		{4002BB55-F511-3CC3-89C5-C79AEACDD365} = {4002BB55-F511-3CC3-89C5-C79AEACDD365}
		{D6079B81-C150-3A9F-9A87-C671FF4F3689} = {D6079B81-C150-3A9F-9A87-C671FF4F3689}
		{F89006EA-DA86-384F-9D99-4B020FBFB795} = {F89006EA-DA86-384F-9D99-4B020FBFB795}
		{F55E55A5-8DB6-3FF8-8DDE-9074A4046D52} = {F55E55A5-8DB6-3FF8-8DDE-9074A4046D52}
		{B014C1DA-EE09-3D93-AEC1-BA64EFDA5833} = {B014C1DA-EE09-3D93-AEC1-BA64EFDA5833}
		{CDE0F084-3585-3EEB-9754-B94A592319EF} = {CDE0F084-3585-3EEB-9754-B94A592319EF}
		{37FE2AA4-9CF0-3744-AE45-379F38133DD3} = {37FE2AA4-9CF0-3744-AE45-379F38133DD3}
		{C888B390-A442-3BF3-9BE4-C0C6E7B78ED4} = {C888B390-A442-3BF3-9BE4-C0C6E7B78ED4}
		{450BBBB8-F5F8-33CD-97E8-122426A19410} = {450BBBB8-F5F8-33CD-97E8-122426A19410}
		{6DC03E35-652A-3EB1-B86A-0E0411B0C579} = {6DC03E35-652A-3EB1-B86A-0E0411B0C579}
		{3437BC26-A831-3889-88ED-54FF2D52A874} = {3437BC26-A831-3889-88ED-54FF2D52A874}
		{7C0B2100-34D0-3DF9-8DD6-E856762DD7BE} = {7C0B2100-34D0-3DF9-8DD6-E856762DD7BE}
		{72D4FF95-D8A4-3841-86B0-D5DEFBFC57CC} = {72D4FF95-D8A4-3841-86B0-D5DEFBFC57CC}
		{1FB9D847-0F95-3F7D-B8D3-8697F53E5D36} = {1FB9D847-0F95-3F7D-B8D3-8697F53E5D36}
		{F8CD0856-2F4E-3DE6-8485-AF811F58EDDB} = {F8CD0856-2F4E-3DE6-8485-AF811F58EDDB}
		{27FF2854-CD1F-3C1B-8CD7-8FC94DECB893} = {27FF2854-CD1F-3C1B-8CD7-8FC94DECB893}
		{A58B6808-897F-36C0-B50D-A482C9E1AFC3} = {A58B6808-897F-36C0-B50D-A482C9E1AFC3}
		{3000E653-8DE1-3869-BD04-918FDA696C38} = {3000E653-8DE1-3869-BD04-918FDA696C38}
		{21A9A2D4-0E87-396D-B155-4B866443979F} = {21A9A2D4-0E87-396D-B155-4B866443979F}
		{04351ADF-EF02-3127-86F4-671AA4244FD8} = {04351ADF-EF02-3127-86F4-671AA4244FD8}
		{83C5ED87-C8F0-3E0B-A63A-070B8CC0DEFB} = {83C5ED87-C8F0-3E0B-A63A-070B8CC0DEFB}
		{3EB47541-693D-3E4B-A3D8-20A16D62A62E} = {3EB47541-693D-3E4B-A3D8-20A16D62A62E}
		{74EF639D-52F8-3821-9032-517216D1FDB1} = {74EF639D-52F8-3821-9032-517216D1FDB1}
		{0CCD1DC1-1C92-36F4-BD1C-0E6A758CDC64} = {0CCD1DC1-1C92-36F4-BD1C-0E6A758CDC64}
		{5D34C605-9242-386A-98B2-15BC29068BE1} = {5D34C605-9242-386A-98B2-15BC29068BE1}
		{69129EA0-A474-31DD-9645-3195A67BECAD} = {69129EA0-A474-31DD-9645-3195A67BECAD}
		{7CA86F17-0117-3FB4-9082-211C791F5269} = {7CA86F17-0117-3FB4-9082-211C791F5269}
		{3A83F05F-F5BD-3C14-A6D0-160A1ED6A7D6} = {3A83F05F-F5BD-3C14-A6D0-160A1ED6A7D6}
		{B05F9089-511E-3617-916E-DD5449D185D5} = {B05F9089-511E-3617-916E-DD5449D185D5}
		{BC75777F-B4DB-3BBB-B354-E5171E75DB0B} = {BC75777F-B4DB-3BBB-B354-E5171E75DB0B}
		{CE8FFCDA-574D-37FB-83EB-E6510B039179} = {CE8FFCDA-574D-37FB-83EB-E6510B039179}
		{D0450A38-D02C-384B-A702-B73E52737C7B} = {D0450A38-D02C-384B-A702-B73E52737C7B}
		{025CF3FC-D004-379C-B717-B7C82520B03E} = {025CF3FC-D004-379C-B717-B7C82520B03E}
		{0D987040-A6B3-3AF9-9AE9-C04058F8BAF1} = {0D987040-A6B3-3AF9-9AE9-C04058F8BAF1}
	EndProjectSection
EndProject
Project("{8BC9CEB8-8B4A-11D0-8D11-00A0C91BC942}") = "INSTALL", "INSTALL.vcxproj", "{217D63DB-6C27-3558-82D2-8289C85827DC}"
	ProjectSection(ProjectDependencies) = postProject
		{B37EA661-C716-3797-8FA8-5B6FE438EF2B} = {B37EA661-C716-3797-8FA8-5B6FE438EF2B}
		{02039255-82F7-365A-AAB8-07A39A20ABDF} = {02039255-82F7-365A-AAB8-07A39A20ABDF}
	EndProjectSection
EndProject
Project("{8BC9CEB8-8B4A-11D0-8D11-00A0C91BC942}") = "PACKAGE", "PACKAGE.vcxproj", "{9CACBCF8-D519-3212-BAEA-E47395AB687C}"
	ProjectSection(ProjectDependencies) = postProject
		{B37EA661-C716-3797-8FA8-5B6FE438EF2B} = {B37EA661-C716-3797-8FA8-5B6FE438EF2B}
		{02039255-82F7-365A-AAB8-07A39A20ABDF} = {02039255-82F7-365A-AAB8-07A39A20ABDF}
	EndProjectSection
EndProject
Project("{8BC9CEB8-8B4A-11D0-8D11-00A0C91BC942}") = "ZERO_CHECK", "ZERO_CHECK.vcxproj", "{02039255-82F7-365A-AAB8-07A39A20ABDF}"
	ProjectSection(ProjectDependencies) = postProject
	EndProjectSection
EndProject
Project("{8BC9CEB8-8B4A-11D0-8D11-00A0C91BC942}") = "aggregation1", "src\libmongoc\aggregation1.vcxproj", "{7153988C-0983-308B-A676-C7862AB443DE}"
	ProjectSection(ProjectDependencies) = postProject
		{02039255-82F7-365A-AAB8-07A39A20ABDF} = {02039255-82F7-365A-AAB8-07A39A20ABDF}
		{20A16681-36F0-32AD-A7E5-2BA8C00653EF} = {20A16681-36F0-32AD-A7E5-2BA8C00653EF}
		{BC75777F-B4DB-3BBB-B354-E5171E75DB0B} = {BC75777F-B4DB-3BBB-B354-E5171E75DB0B}
	EndProjectSection
EndProject
Project("{8BC9CEB8-8B4A-11D0-8D11-00A0C91BC942}") = "basic-aggregation", "src\libmongoc\basic-aggregation.vcxproj", "{5248756D-CCB6-366A-B50B-FFA81D579A7F}"
	ProjectSection(ProjectDependencies) = postProject
		{02039255-82F7-365A-AAB8-07A39A20ABDF} = {02039255-82F7-365A-AAB8-07A39A20ABDF}
		{20A16681-36F0-32AD-A7E5-2BA8C00653EF} = {20A16681-36F0-32AD-A7E5-2BA8C00653EF}
		{BC75777F-B4DB-3BBB-B354-E5171E75DB0B} = {BC75777F-B4DB-3BBB-B354-E5171E75DB0B}
	EndProjectSection
EndProject
Project("{8BC9CEB8-8B4A-11D0-8D11-00A0C91BC942}") = "bcon-col-view", "src\libbson\bcon-col-view.vcxproj", "{07358560-7410-3AA3-A4A1-F3223ED9C5F8}"
	ProjectSection(ProjectDependencies) = postProject
		{02039255-82F7-365A-AAB8-07A39A20ABDF} = {02039255-82F7-365A-AAB8-07A39A20ABDF}
		{20A16681-36F0-32AD-A7E5-2BA8C00653EF} = {20A16681-36F0-32AD-A7E5-2BA8C00653EF}
	EndProjectSection
EndProject
Project("{8BC9CEB8-8B4A-11D0-8D11-00A0C91BC942}") = "bcon-speed", "src\libbson\bcon-speed.vcxproj", "{97B4D2C8-2F46-32E9-B739-A8C6A5AE8415}"
	ProjectSection(ProjectDependencies) = postProject
		{02039255-82F7-365A-AAB8-07A39A20ABDF} = {02039255-82F7-365A-AAB8-07A39A20ABDF}
		{20A16681-36F0-32AD-A7E5-2BA8C00653EF} = {20A16681-36F0-32AD-A7E5-2BA8C00653EF}
	EndProjectSection
EndProject
Project("{8BC9CEB8-8B4A-11D0-8D11-00A0C91BC942}") = "bson-check-depth", "src\libbson\bson-check-depth.vcxproj", "{3781CDBF-D06F-3BF3-9B98-943AE2EA6284}"
	ProjectSection(ProjectDependencies) = postProject
		{02039255-82F7-365A-AAB8-07A39A20ABDF} = {02039255-82F7-365A-AAB8-07A39A20ABDF}
		{20A16681-36F0-32AD-A7E5-2BA8C00653EF} = {20A16681-36F0-32AD-A7E5-2BA8C00653EF}
	EndProjectSection
EndProject
Project("{8BC9CEB8-8B4A-11D0-8D11-00A0C91BC942}") = "bson-metrics", "src\libbson\bson-metrics.vcxproj", "{884DD157-40B8-3CFD-B642-D4BEA466D8D5}"
	ProjectSection(ProjectDependencies) = postProject
		{02039255-82F7-365A-AAB8-07A39A20ABDF} = {02039255-82F7-365A-AAB8-07A39A20ABDF}
		{20A16681-36F0-32AD-A7E5-2BA8C00653EF} = {20A16681-36F0-32AD-A7E5-2BA8C00653EF}
	EndProjectSection
EndProject
Project("{8BC9CEB8-8B4A-11D0-8D11-00A0C91BC942}") = "bson-to-json", "src\libbson\bson-to-json.vcxproj", "{5D6EF458-1174-35F9-8A9A-0C9113F853D7}"
	ProjectSection(ProjectDependencies) = postProject
		{02039255-82F7-365A-AAB8-07A39A20ABDF} = {02039255-82F7-365A-AAB8-07A39A20ABDF}
		{20A16681-36F0-32AD-A7E5-2BA8C00653EF} = {20A16681-36F0-32AD-A7E5-2BA8C00653EF}
	EndProjectSection
EndProject
Project("{8BC9CEB8-8B4A-11D0-8D11-00A0C91BC942}") = "bson-validate", "src\libbson\bson-validate.vcxproj", "{6158B93D-1A8E-3F1D-8186-B5B22EA44542}"
	ProjectSection(ProjectDependencies) = postProject
		{02039255-82F7-365A-AAB8-07A39A20ABDF} = {02039255-82F7-365A-AAB8-07A39A20ABDF}
		{20A16681-36F0-32AD-A7E5-2BA8C00653EF} = {20A16681-36F0-32AD-A7E5-2BA8C00653EF}
	EndProjectSection
EndProject
Project("{8BC9CEB8-8B4A-11D0-8D11-00A0C91BC942}") = "bson_shared", "src\libbson\bson_shared.vcxproj", "{20A16681-36F0-32AD-A7E5-2BA8C00653EF}"
	ProjectSection(ProjectDependencies) = postProject
		{02039255-82F7-365A-AAB8-07A39A20ABDF} = {02039255-82F7-365A-AAB8-07A39A20ABDF}
	EndProjectSection
EndProject
Project("{8BC9CEB8-8B4A-11D0-8D11-00A0C91BC942}") = "bson_static", "src\libbson\bson_static.vcxproj", "{B08CE907-7BFF-3105-A110-8EC40DB45E68}"
	ProjectSection(ProjectDependencies) = postProject
		{02039255-82F7-365A-AAB8-07A39A20ABDF} = {02039255-82F7-365A-AAB8-07A39A20ABDF}
	EndProjectSection
EndProject
Project("{8BC9CEB8-8B4A-11D0-8D11-00A0C91BC942}") = "bulk-collation", "src\libmongoc\bulk-collation.vcxproj", "{4002BB55-F511-3CC3-89C5-C79AEACDD365}"
	ProjectSection(ProjectDependencies) = postProject
		{02039255-82F7-365A-AAB8-07A39A20ABDF} = {02039255-82F7-365A-AAB8-07A39A20ABDF}
		{20A16681-36F0-32AD-A7E5-2BA8C00653EF} = {20A16681-36F0-32AD-A7E5-2BA8C00653EF}
		{BC75777F-B4DB-3BBB-B354-E5171E75DB0B} = {BC75777F-B4DB-3BBB-B354-E5171E75DB0B}
	EndProjectSection
EndProject
Project("{8BC9CEB8-8B4A-11D0-8D11-00A0C91BC942}") = "bulk1", "src\libmongoc\bulk1.vcxproj", "{D6079B81-C150-3A9F-9A87-C671FF4F3689}"
	ProjectSection(ProjectDependencies) = postProject
		{02039255-82F7-365A-AAB8-07A39A20ABDF} = {02039255-82F7-365A-AAB8-07A39A20ABDF}
		{20A16681-36F0-32AD-A7E5-2BA8C00653EF} = {20A16681-36F0-32AD-A7E5-2BA8C00653EF}
		{BC75777F-B4DB-3BBB-B354-E5171E75DB0B} = {BC75777F-B4DB-3BBB-B354-E5171E75DB0B}
	EndProjectSection
EndProject
Project("{8BC9CEB8-8B4A-11D0-8D11-00A0C91BC942}") = "bulk2", "src\libmongoc\bulk2.vcxproj", "{F89006EA-DA86-384F-9D99-4B020FBFB795}"
	ProjectSection(ProjectDependencies) = postProject
		{02039255-82F7-365A-AAB8-07A39A20ABDF} = {02039255-82F7-365A-AAB8-07A39A20ABDF}
		{20A16681-36F0-32AD-A7E5-2BA8C00653EF} = {20A16681-36F0-32AD-A7E5-2BA8C00653EF}
		{BC75777F-B4DB-3BBB-B354-E5171E75DB0B} = {BC75777F-B4DB-3BBB-B354-E5171E75DB0B}
	EndProjectSection
EndProject
Project("{8BC9CEB8-8B4A-11D0-8D11-00A0C91BC942}") = "bulk3", "src\libmongoc\bulk3.vcxproj", "{F55E55A5-8DB6-3FF8-8DDE-9074A4046D52}"
	ProjectSection(ProjectDependencies) = postProject
		{02039255-82F7-365A-AAB8-07A39A20ABDF} = {02039255-82F7-365A-AAB8-07A39A20ABDF}
		{20A16681-36F0-32AD-A7E5-2BA8C00653EF} = {20A16681-36F0-32AD-A7E5-2BA8C00653EF}
		{BC75777F-B4DB-3BBB-B354-E5171E75DB0B} = {BC75777F-B4DB-3BBB-B354-E5171E75DB0B}
	EndProjectSection
EndProject
Project("{8BC9CEB8-8B4A-11D0-8D11-00A0C91BC942}") = "bulk4", "src\libmongoc\bulk4.vcxproj", "{B014C1DA-EE09-3D93-AEC1-BA64EFDA5833}"
	ProjectSection(ProjectDependencies) = postProject
		{02039255-82F7-365A-AAB8-07A39A20ABDF} = {02039255-82F7-365A-AAB8-07A39A20ABDF}
		{20A16681-36F0-32AD-A7E5-2BA8C00653EF} = {20A16681-36F0-32AD-A7E5-2BA8C00653EF}
		{BC75777F-B4DB-3BBB-B354-E5171E75DB0B} = {BC75777F-B4DB-3BBB-B354-E5171E75DB0B}
	EndProjectSection
EndProject
Project("{8BC9CEB8-8B4A-11D0-8D11-00A0C91BC942}") = "bulk5", "src\libmongoc\bulk5.vcxproj", "{CDE0F084-3585-3EEB-9754-B94A592319EF}"
	ProjectSection(ProjectDependencies) = postProject
		{02039255-82F7-365A-AAB8-07A39A20ABDF} = {02039255-82F7-365A-AAB8-07A39A20ABDF}
		{20A16681-36F0-32AD-A7E5-2BA8C00653EF} = {20A16681-36F0-32AD-A7E5-2BA8C00653EF}
		{BC75777F-B4DB-3BBB-B354-E5171E75DB0B} = {BC75777F-B4DB-3BBB-B354-E5171E75DB0B}
	EndProjectSection
EndProject
Project("{8BC9CEB8-8B4A-11D0-8D11-00A0C91BC942}") = "bulk6", "src\libmongoc\bulk6.vcxproj", "{37FE2AA4-9CF0-3744-AE45-379F38133DD3}"
	ProjectSection(ProjectDependencies) = postProject
		{02039255-82F7-365A-AAB8-07A39A20ABDF} = {02039255-82F7-365A-AAB8-07A39A20ABDF}
		{20A16681-36F0-32AD-A7E5-2BA8C00653EF} = {20A16681-36F0-32AD-A7E5-2BA8C00653EF}
		{BC75777F-B4DB-3BBB-B354-E5171E75DB0B} = {BC75777F-B4DB-3BBB-B354-E5171E75DB0B}
	EndProjectSection
EndProject
Project("{8BC9CEB8-8B4A-11D0-8D11-00A0C91BC942}") = "check", "src\libmongoc\check.vcxproj", "{D727B99A-1489-30A1-9C81-F18355C10E30}"
	ProjectSection(ProjectDependencies) = postProject
		{02039255-82F7-365A-AAB8-07A39A20ABDF} = {02039255-82F7-365A-AAB8-07A39A20ABDF}
		{D0450A38-D02C-384B-A702-B73E52737C7B} = {D0450A38-D02C-384B-A702-B73E52737C7B}
	EndProjectSection
EndProject
Project("{8BC9CEB8-8B4A-11D0-8D11-00A0C91BC942}") = "common-operations", "src\libmongoc\common-operations.vcxproj", "{C888B390-A442-3BF3-9BE4-C0C6E7B78ED4}"
	ProjectSection(ProjectDependencies) = postProject
		{02039255-82F7-365A-AAB8-07A39A20ABDF} = {02039255-82F7-365A-AAB8-07A39A20ABDF}
		{20A16681-36F0-32AD-A7E5-2BA8C00653EF} = {20A16681-36F0-32AD-A7E5-2BA8C00653EF}
		{BC75777F-B4DB-3BBB-B354-E5171E75DB0B} = {BC75777F-B4DB-3BBB-B354-E5171E75DB0B}
	EndProjectSection
EndProject
Project("{8BC9CEB8-8B4A-11D0-8D11-00A0C91BC942}") = "dist", "dist.vcxproj", "{7FF5FA4E-0EE1-3B68-8C3B-702A50F13BCB}"
	ProjectSection(ProjectDependencies) = postProject
		{02039255-82F7-365A-AAB8-07A39A20ABDF} = {02039255-82F7-365A-AAB8-07A39A20ABDF}
	EndProjectSection
EndProject
Project("{8BC9CEB8-8B4A-11D0-8D11-00A0C91BC942}") = "distcheck", "distcheck.vcxproj", "{DB578065-0FD5-3814-873B-AF87AFBD4B37}"
	ProjectSection(ProjectDependencies) = postProject
		{02039255-82F7-365A-AAB8-07A39A20ABDF} = {02039255-82F7-365A-AAB8-07A39A20ABDF}
	EndProjectSection
EndProject
Project("{8BC9CEB8-8B4A-11D0-8D11-00A0C91BC942}") = "example-client", "src\libmongoc\example-client.vcxproj", "{450BBBB8-F5F8-33CD-97E8-122426A19410}"
	ProjectSection(ProjectDependencies) = postProject
		{02039255-82F7-365A-AAB8-07A39A20ABDF} = {02039255-82F7-365A-AAB8-07A39A20ABDF}
		{20A16681-36F0-32AD-A7E5-2BA8C00653EF} = {20A16681-36F0-32AD-A7E5-2BA8C00653EF}
		{BC75777F-B4DB-3BBB-B354-E5171E75DB0B} = {BC75777F-B4DB-3BBB-B354-E5171E75DB0B}
	EndProjectSection
EndProject
Project("{8BC9CEB8-8B4A-11D0-8D11-00A0C91BC942}") = "example-collection-watch", "src\libmongoc\example-collection-watch.vcxproj", "{6DC03E35-652A-3EB1-B86A-0E0411B0C579}"
	ProjectSection(ProjectDependencies) = postProject
		{02039255-82F7-365A-AAB8-07A39A20ABDF} = {02039255-82F7-365A-AAB8-07A39A20ABDF}
		{20A16681-36F0-32AD-A7E5-2BA8C00653EF} = {20A16681-36F0-32AD-A7E5-2BA8C00653EF}
		{BC75777F-B4DB-3BBB-B354-E5171E75DB0B} = {BC75777F-B4DB-3BBB-B354-E5171E75DB0B}
	EndProjectSection
EndProject
Project("{8BC9CEB8-8B4A-11D0-8D11-00A0C91BC942}") = "example-command-monitoring", "src\libmongoc\example-command-monitoring.vcxproj", "{3437BC26-A831-3889-88ED-54FF2D52A874}"
	ProjectSection(ProjectDependencies) = postProject
		{02039255-82F7-365A-AAB8-07A39A20ABDF} = {02039255-82F7-365A-AAB8-07A39A20ABDF}
		{20A16681-36F0-32AD-A7E5-2BA8C00653EF} = {20A16681-36F0-32AD-A7E5-2BA8C00653EF}
		{BC75777F-B4DB-3BBB-B354-E5171E75DB0B} = {BC75777F-B4DB-3BBB-B354-E5171E75DB0B}
	EndProjectSection
EndProject
Project("{8BC9CEB8-8B4A-11D0-8D11-00A0C91BC942}") = "example-command-with-opts", "src\libmongoc\example-command-with-opts.vcxproj", "{7C0B2100-34D0-3DF9-8DD6-E856762DD7BE}"
	ProjectSection(ProjectDependencies) = postProject
		{02039255-82F7-365A-AAB8-07A39A20ABDF} = {02039255-82F7-365A-AAB8-07A39A20ABDF}
		{20A16681-36F0-32AD-A7E5-2BA8C00653EF} = {20A16681-36F0-32AD-A7E5-2BA8C00653EF}
		{BC75777F-B4DB-3BBB-B354-E5171E75DB0B} = {BC75777F-B4DB-3BBB-B354-E5171E75DB0B}
	EndProjectSection
EndProject
Project("{8BC9CEB8-8B4A-11D0-8D11-00A0C91BC942}") = "example-create-indexes", "src\libmongoc\example-create-indexes.vcxproj", "{72D4FF95-D8A4-3841-86B0-D5DEFBFC57CC}"
	ProjectSection(ProjectDependencies) = postProject
		{02039255-82F7-365A-AAB8-07A39A20ABDF} = {02039255-82F7-365A-AAB8-07A39A20ABDF}
		{20A16681-36F0-32AD-A7E5-2BA8C00653EF} = {20A16681-36F0-32AD-A7E5-2BA8C00653EF}
		{BC75777F-B4DB-3BBB-B354-E5171E75DB0B} = {BC75777F-B4DB-3BBB-B354-E5171E75DB0B}
	EndProjectSection
EndProject
Project("{8BC9CEB8-8B4A-11D0-8D11-00A0C91BC942}") = "example-gridfs", "src\libmongoc\example-gridfs.vcxproj", "{1FB9D847-0F95-3F7D-B8D3-8697F53E5D36}"
	ProjectSection(ProjectDependencies) = postProject
		{02039255-82F7-365A-AAB8-07A39A20ABDF} = {02039255-82F7-365A-AAB8-07A39A20ABDF}
		{20A16681-36F0-32AD-A7E5-2BA8C00653EF} = {20A16681-36F0-32AD-A7E5-2BA8C00653EF}
		{BC75777F-B4DB-3BBB-B354-E5171E75DB0B} = {BC75777F-B4DB-3BBB-B354-E5171E75DB0B}
	EndProjectSection
EndProject
Project("{8BC9CEB8-8B4A-11D0-8D11-00A0C91BC942}") = "example-gridfs-bucket", "src\libmongoc\example-gridfs-bucket.vcxproj", "{F8CD0856-2F4E-3DE6-8485-AF811F58EDDB}"
	ProjectSection(ProjectDependencies) = postProject
		{02039255-82F7-365A-AAB8-07A39A20ABDF} = {02039255-82F7-365A-AAB8-07A39A20ABDF}
		{20A16681-36F0-32AD-A7E5-2BA8C00653EF} = {20A16681-36F0-32AD-A7E5-2BA8C00653EF}
		{BC75777F-B4DB-3BBB-B354-E5171E75DB0B} = {BC75777F-B4DB-3BBB-B354-E5171E75DB0B}
	EndProjectSection
EndProject
Project("{8BC9CEB8-8B4A-11D0-8D11-00A0C91BC942}") = "example-scram", "src\libmongoc\example-scram.vcxproj", "{27FF2854-CD1F-3C1B-8CD7-8FC94DECB893}"
	ProjectSection(ProjectDependencies) = postProject
		{02039255-82F7-365A-AAB8-07A39A20ABDF} = {02039255-82F7-365A-AAB8-07A39A20ABDF}
		{20A16681-36F0-32AD-A7E5-2BA8C00653EF} = {20A16681-36F0-32AD-A7E5-2BA8C00653EF}
		{BC75777F-B4DB-3BBB-B354-E5171E75DB0B} = {BC75777F-B4DB-3BBB-B354-E5171E75DB0B}
	EndProjectSection
EndProject
Project("{8BC9CEB8-8B4A-11D0-8D11-00A0C91BC942}") = "example-sdam-monitoring", "src\libmongoc\example-sdam-monitoring.vcxproj", "{A58B6808-897F-36C0-B50D-A482C9E1AFC3}"
	ProjectSection(ProjectDependencies) = postProject
		{02039255-82F7-365A-AAB8-07A39A20ABDF} = {02039255-82F7-365A-AAB8-07A39A20ABDF}
		{20A16681-36F0-32AD-A7E5-2BA8C00653EF} = {20A16681-36F0-32AD-A7E5-2BA8C00653EF}
		{BC75777F-B4DB-3BBB-B354-E5171E75DB0B} = {BC75777F-B4DB-3BBB-B354-E5171E75DB0B}
	EndProjectSection
EndProject
Project("{8BC9CEB8-8B4A-11D0-8D11-00A0C91BC942}") = "example-session", "src\libmongoc\example-session.vcxproj", "{3000E653-8DE1-3869-BD04-918FDA696C38}"
	ProjectSection(ProjectDependencies) = postProject
		{02039255-82F7-365A-AAB8-07A39A20ABDF} = {02039255-82F7-365A-AAB8-07A39A20ABDF}
		{20A16681-36F0-32AD-A7E5-2BA8C00653EF} = {20A16681-36F0-32AD-A7E5-2BA8C00653EF}
		{BC75777F-B4DB-3BBB-B354-E5171E75DB0B} = {BC75777F-B4DB-3BBB-B354-E5171E75DB0B}
	EndProjectSection
EndProject
Project("{8BC9CEB8-8B4A-11D0-8D11-00A0C91BC942}") = "example-start-at-optime", "src\libmongoc\example-start-at-optime.vcxproj", "{21A9A2D4-0E87-396D-B155-4B866443979F}"
	ProjectSection(ProjectDependencies) = postProject
		{02039255-82F7-365A-AAB8-07A39A20ABDF} = {02039255-82F7-365A-AAB8-07A39A20ABDF}
		{20A16681-36F0-32AD-A7E5-2BA8C00653EF} = {20A16681-36F0-32AD-A7E5-2BA8C00653EF}
		{BC75777F-B4DB-3BBB-B354-E5171E75DB0B} = {BC75777F-B4DB-3BBB-B354-E5171E75DB0B}
	EndProjectSection
EndProject
Project("{8BC9CEB8-8B4A-11D0-8D11-00A0C91BC942}") = "example-transaction", "src\libmongoc\example-transaction.vcxproj", "{04351ADF-EF02-3127-86F4-671AA4244FD8}"
	ProjectSection(ProjectDependencies) = postProject
		{02039255-82F7-365A-AAB8-07A39A20ABDF} = {02039255-82F7-365A-AAB8-07A39A20ABDF}
		{20A16681-36F0-32AD-A7E5-2BA8C00653EF} = {20A16681-36F0-32AD-A7E5-2BA8C00653EF}
		{BC75777F-B4DB-3BBB-B354-E5171E75DB0B} = {BC75777F-B4DB-3BBB-B354-E5171E75DB0B}
	EndProjectSection
EndProject
Project("{8BC9CEB8-8B4A-11D0-8D11-00A0C91BC942}") = "example-update", "src\libmongoc\example-update.vcxproj", "{83C5ED87-C8F0-3E0B-A63A-070B8CC0DEFB}"
	ProjectSection(ProjectDependencies) = postProject
		{02039255-82F7-365A-AAB8-07A39A20ABDF} = {02039255-82F7-365A-AAB8-07A39A20ABDF}
		{20A16681-36F0-32AD-A7E5-2BA8C00653EF} = {20A16681-36F0-32AD-A7E5-2BA8C00653EF}
		{BC75777F-B4DB-3BBB-B354-E5171E75DB0B} = {BC75777F-B4DB-3BBB-B354-E5171E75DB0B}
	EndProjectSection
EndProject
Project("{8BC9CEB8-8B4A-11D0-8D11-00A0C91BC942}") = "fam", "src\libmongoc\fam.vcxproj", "{3EB47541-693D-3E4B-A3D8-20A16D62A62E}"
	ProjectSection(ProjectDependencies) = postProject
		{02039255-82F7-365A-AAB8-07A39A20ABDF} = {02039255-82F7-365A-AAB8-07A39A20ABDF}
		{20A16681-36F0-32AD-A7E5-2BA8C00653EF} = {20A16681-36F0-32AD-A7E5-2BA8C00653EF}
		{BC75777F-B4DB-3BBB-B354-E5171E75DB0B} = {BC75777F-B4DB-3BBB-B354-E5171E75DB0B}
	EndProjectSection
EndProject
Project("{8BC9CEB8-8B4A-11D0-8D11-00A0C91BC942}") = "find-and-modify", "src\libmongoc\find-and-modify.vcxproj", "{74EF639D-52F8-3821-9032-517216D1FDB1}"
	ProjectSection(ProjectDependencies) = postProject
		{02039255-82F7-365A-AAB8-07A39A20ABDF} = {02039255-82F7-365A-AAB8-07A39A20ABDF}
		{20A16681-36F0-32AD-A7E5-2BA8C00653EF} = {20A16681-36F0-32AD-A7E5-2BA8C00653EF}
		{BC75777F-B4DB-3BBB-B354-E5171E75DB0B} = {BC75777F-B4DB-3BBB-B354-E5171E75DB0B}
	EndProjectSection
EndProject
Project("{8BC9CEB8-8B4A-11D0-8D11-00A0C91BC942}") = "hello_mongoc", "src\libmongoc\hello_mongoc.vcxproj", "{0CCD1DC1-1C92-36F4-BD1C-0E6A758CDC64}"
	ProjectSection(ProjectDependencies) = postProject
		{02039255-82F7-365A-AAB8-07A39A20ABDF} = {02039255-82F7-365A-AAB8-07A39A20ABDF}
		{20A16681-36F0-32AD-A7E5-2BA8C00653EF} = {20A16681-36F0-32AD-A7E5-2BA8C00653EF}
		{BC75777F-B4DB-3BBB-B354-E5171E75DB0B} = {BC75777F-B4DB-3BBB-B354-E5171E75DB0B}
	EndProjectSection
EndProject
Project("{8BC9CEB8-8B4A-11D0-8D11-00A0C91BC942}") = "json-to-bson", "src\libbson\json-to-bson.vcxproj", "{5D34C605-9242-386A-98B2-15BC29068BE1}"
	ProjectSection(ProjectDependencies) = postProject
		{02039255-82F7-365A-AAB8-07A39A20ABDF} = {02039255-82F7-365A-AAB8-07A39A20ABDF}
		{20A16681-36F0-32AD-A7E5-2BA8C00653EF} = {20A16681-36F0-32AD-A7E5-2BA8C00653EF}
	EndProjectSection
EndProject
Project("{8BC9CEB8-8B4A-11D0-8D11-00A0C91BC942}") = "mongoc-dump", "src\libmongoc\mongoc-dump.vcxproj", "{69129EA0-A474-31DD-9645-3195A67BECAD}"
	ProjectSection(ProjectDependencies) = postProject
		{02039255-82F7-365A-AAB8-07A39A20ABDF} = {02039255-82F7-365A-AAB8-07A39A20ABDF}
		{20A16681-36F0-32AD-A7E5-2BA8C00653EF} = {20A16681-36F0-32AD-A7E5-2BA8C00653EF}
		{BC75777F-B4DB-3BBB-B354-E5171E75DB0B} = {BC75777F-B4DB-3BBB-B354-E5171E75DB0B}
	EndProjectSection
EndProject
Project("{8BC9CEB8-8B4A-11D0-8D11-00A0C91BC942}") = "mongoc-ping", "src\libmongoc\mongoc-ping.vcxproj", "{7CA86F17-0117-3FB4-9082-211C791F5269}"
	ProjectSection(ProjectDependencies) = postProject
		{02039255-82F7-365A-AAB8-07A39A20ABDF} = {02039255-82F7-365A-AAB8-07A39A20ABDF}
		{20A16681-36F0-32AD-A7E5-2BA8C00653EF} = {20A16681-36F0-32AD-A7E5-2BA8C00653EF}
		{BC75777F-B4DB-3BBB-B354-E5171E75DB0B} = {BC75777F-B4DB-3BBB-B354-E5171E75DB0B}
	EndProjectSection
EndProject
Project("{8BC9CEB8-8B4A-11D0-8D11-00A0C91BC942}") = "mongoc-stat", "src\libmongoc\mongoc-stat.vcxproj", "{3A83F05F-F5BD-3C14-A6D0-160A1ED6A7D6}"
	ProjectSection(ProjectDependencies) = postProject
		{02039255-82F7-365A-AAB8-07A39A20ABDF} = {02039255-82F7-365A-AAB8-07A39A20ABDF}
		{20A16681-36F0-32AD-A7E5-2BA8C00653EF} = {20A16681-36F0-32AD-A7E5-2BA8C00653EF}
		{BC75777F-B4DB-3BBB-B354-E5171E75DB0B} = {BC75777F-B4DB-3BBB-B354-E5171E75DB0B}
	EndProjectSection
EndProject
Project("{8BC9CEB8-8B4A-11D0-8D11-00A0C91BC942}") = "mongoc-tail", "src\libmongoc\mongoc-tail.vcxproj", "{B05F9089-511E-3617-916E-DD5449D185D5}"
	ProjectSection(ProjectDependencies) = postProject
		{02039255-82F7-365A-AAB8-07A39A20ABDF} = {02039255-82F7-365A-AAB8-07A39A20ABDF}
		{20A16681-36F0-32AD-A7E5-2BA8C00653EF} = {20A16681-36F0-32AD-A7E5-2BA8C00653EF}
		{BC75777F-B4DB-3BBB-B354-E5171E75DB0B} = {BC75777F-B4DB-3BBB-B354-E5171E75DB0B}
	EndProjectSection
EndProject
Project("{8BC9CEB8-8B4A-11D0-8D11-00A0C91BC942}") = "mongoc_shared", "src\libmongoc\mongoc_shared.vcxproj", "{BC75777F-B4DB-3BBB-B354-E5171E75DB0B}"
	ProjectSection(ProjectDependencies) = postProject
		{02039255-82F7-365A-AAB8-07A39A20ABDF} = {02039255-82F7-365A-AAB8-07A39A20ABDF}
		{20A16681-36F0-32AD-A7E5-2BA8C00653EF} = {20A16681-36F0-32AD-A7E5-2BA8C00653EF}
	EndProjectSection
EndProject
Project("{8BC9CEB8-8B4A-11D0-8D11-00A0C91BC942}") = "mongoc_static", "src\libmongoc\mongoc_static.vcxproj", "{CE8FFCDA-574D-37FB-83EB-E6510B039179}"
	ProjectSection(ProjectDependencies) = postProject
		{02039255-82F7-365A-AAB8-07A39A20ABDF} = {02039255-82F7-365A-AAB8-07A39A20ABDF}
		{B08CE907-7BFF-3105-A110-8EC40DB45E68} = {B08CE907-7BFF-3105-A110-8EC40DB45E68}
	EndProjectSection
EndProject
Project("{8BC9CEB8-8B4A-11D0-8D11-00A0C91BC942}") = "test-libmongoc", "src\libmongoc\test-libmongoc.vcxproj", "{D0450A38-D02C-384B-A702-B73E52737C7B}"
	ProjectSection(ProjectDependencies) = postProject
		{02039255-82F7-365A-AAB8-07A39A20ABDF} = {02039255-82F7-365A-AAB8-07A39A20ABDF}
		{B08CE907-7BFF-3105-A110-8EC40DB45E68} = {B08CE907-7BFF-3105-A110-8EC40DB45E68}
		{CE8FFCDA-574D-37FB-83EB-E6510B039179} = {CE8FFCDA-574D-37FB-83EB-E6510B039179}
	EndProjectSection
EndProject
Project("{8BC9CEB8-8B4A-11D0-8D11-00A0C91BC942}") = "test-mongoc-cache", "src\libmongoc\test-mongoc-cache.vcxproj", "{025CF3FC-D004-379C-B717-B7C82520B03E}"
	ProjectSection(ProjectDependencies) = postProject
		{02039255-82F7-365A-AAB8-07A39A20ABDF} = {02039255-82F7-365A-AAB8-07A39A20ABDF}
		{B08CE907-7BFF-3105-A110-8EC40DB45E68} = {B08CE907-7BFF-3105-A110-8EC40DB45E68}
		{CE8FFCDA-574D-37FB-83EB-E6510B039179} = {CE8FFCDA-574D-37FB-83EB-E6510B039179}
	EndProjectSection
EndProject
Project("{8BC9CEB8-8B4A-11D0-8D11-00A0C91BC942}") = "test-mongoc-gssapi", "src\libmongoc\test-mongoc-gssapi.vcxproj", "{0D987040-A6B3-3AF9-9AE9-C04058F8BAF1}"
	ProjectSection(ProjectDependencies) = postProject
		{02039255-82F7-365A-AAB8-07A39A20ABDF} = {02039255-82F7-365A-AAB8-07A39A20ABDF}
		{B08CE907-7BFF-3105-A110-8EC40DB45E68} = {B08CE907-7BFF-3105-A110-8EC40DB45E68}
		{CE8FFCDA-574D-37FB-83EB-E6510B039179} = {CE8FFCDA-574D-37FB-83EB-E6510B039179}
	EndProjectSection
EndProject
Project("{8BC9CEB8-8B4A-11D0-8D11-00A0C91BC942}") = "uninstall", "generate_uninstall\uninstall.vcxproj", "{39556B3B-AB6A-3D16-82E4-D3BB7F9BC672}"
	ProjectSection(ProjectDependencies) = postProject
		{02039255-82F7-365A-AAB8-07A39A20ABDF} = {02039255-82F7-365A-AAB8-07A39A20ABDF}
	EndProjectSection
EndProject
Global
	GlobalSection(SolutionConfigurationPlatforms) = preSolution
		Debug|Win32 = Debug|Win32
		Release|Win32 = Release|Win32
		MinSizeRel|Win32 = MinSizeRel|Win32
		RelWithDebInfo|Win32 = RelWithDebInfo|Win32
	EndGlobalSection
	GlobalSection(ProjectConfigurationPlatforms) = postSolution
		{B37EA661-C716-3797-8FA8-5B6FE438EF2B}.Debug|Win32.ActiveCfg = Debug|Win32
		{B37EA661-C716-3797-8FA8-5B6FE438EF2B}.Debug|Win32.Build.0 = Debug|Win32
		{B37EA661-C716-3797-8FA8-5B6FE438EF2B}.Release|Win32.ActiveCfg = Release|Win32
		{B37EA661-C716-3797-8FA8-5B6FE438EF2B}.Release|Win32.Build.0 = Release|Win32
		{B37EA661-C716-3797-8FA8-5B6FE438EF2B}.MinSizeRel|Win32.ActiveCfg = MinSizeRel|Win32
		{B37EA661-C716-3797-8FA8-5B6FE438EF2B}.MinSizeRel|Win32.Build.0 = MinSizeRel|Win32
		{B37EA661-C716-3797-8FA8-5B6FE438EF2B}.RelWithDebInfo|Win32.ActiveCfg = RelWithDebInfo|Win32
		{B37EA661-C716-3797-8FA8-5B6FE438EF2B}.RelWithDebInfo|Win32.Build.0 = RelWithDebInfo|Win32
		{217D63DB-6C27-3558-82D2-8289C85827DC}.Debug|Win32.ActiveCfg = Debug|Win32
		{217D63DB-6C27-3558-82D2-8289C85827DC}.Release|Win32.ActiveCfg = Release|Win32
		{217D63DB-6C27-3558-82D2-8289C85827DC}.MinSizeRel|Win32.ActiveCfg = MinSizeRel|Win32
		{217D63DB-6C27-3558-82D2-8289C85827DC}.RelWithDebInfo|Win32.ActiveCfg = RelWithDebInfo|Win32
		{9CACBCF8-D519-3212-BAEA-E47395AB687C}.Debug|Win32.ActiveCfg = Debug|Win32
		{9CACBCF8-D519-3212-BAEA-E47395AB687C}.Release|Win32.ActiveCfg = Release|Win32
		{9CACBCF8-D519-3212-BAEA-E47395AB687C}.MinSizeRel|Win32.ActiveCfg = MinSizeRel|Win32
		{9CACBCF8-D519-3212-BAEA-E47395AB687C}.RelWithDebInfo|Win32.ActiveCfg = RelWithDebInfo|Win32
		{02039255-82F7-365A-AAB8-07A39A20ABDF}.Debug|Win32.ActiveCfg = Debug|Win32
		{02039255-82F7-365A-AAB8-07A39A20ABDF}.Debug|Win32.Build.0 = Debug|Win32
		{02039255-82F7-365A-AAB8-07A39A20ABDF}.Release|Win32.ActiveCfg = Release|Win32
		{02039255-82F7-365A-AAB8-07A39A20ABDF}.Release|Win32.Build.0 = Release|Win32
		{02039255-82F7-365A-AAB8-07A39A20ABDF}.MinSizeRel|Win32.ActiveCfg = MinSizeRel|Win32
		{02039255-82F7-365A-AAB8-07A39A20ABDF}.MinSizeRel|Win32.Build.0 = MinSizeRel|Win32
		{02039255-82F7-365A-AAB8-07A39A20ABDF}.RelWithDebInfo|Win32.ActiveCfg = RelWithDebInfo|Win32
		{02039255-82F7-365A-AAB8-07A39A20ABDF}.RelWithDebInfo|Win32.Build.0 = RelWithDebInfo|Win32
		{7153988C-0983-308B-A676-C7862AB443DE}.Debug|Win32.ActiveCfg = Debug|Win32
		{7153988C-0983-308B-A676-C7862AB443DE}.Debug|Win32.Build.0 = Debug|Win32
		{7153988C-0983-308B-A676-C7862AB443DE}.Release|Win32.ActiveCfg = Release|Win32
		{7153988C-0983-308B-A676-C7862AB443DE}.Release|Win32.Build.0 = Release|Win32
		{7153988C-0983-308B-A676-C7862AB443DE}.MinSizeRel|Win32.ActiveCfg = MinSizeRel|Win32
		{7153988C-0983-308B-A676-C7862AB443DE}.MinSizeRel|Win32.Build.0 = MinSizeRel|Win32
		{7153988C-0983-308B-A676-C7862AB443DE}.RelWithDebInfo|Win32.ActiveCfg = RelWithDebInfo|Win32
		{7153988C-0983-308B-A676-C7862AB443DE}.RelWithDebInfo|Win32.Build.0 = RelWithDebInfo|Win32
		{5248756D-CCB6-366A-B50B-FFA81D579A7F}.Debug|Win32.ActiveCfg = Debug|Win32
		{5248756D-CCB6-366A-B50B-FFA81D579A7F}.Debug|Win32.Build.0 = Debug|Win32
		{5248756D-CCB6-366A-B50B-FFA81D579A7F}.Release|Win32.ActiveCfg = Release|Win32
		{5248756D-CCB6-366A-B50B-FFA81D579A7F}.Release|Win32.Build.0 = Release|Win32
		{5248756D-CCB6-366A-B50B-FFA81D579A7F}.MinSizeRel|Win32.ActiveCfg = MinSizeRel|Win32
		{5248756D-CCB6-366A-B50B-FFA81D579A7F}.MinSizeRel|Win32.Build.0 = MinSizeRel|Win32
		{5248756D-CCB6-366A-B50B-FFA81D579A7F}.RelWithDebInfo|Win32.ActiveCfg = RelWithDebInfo|Win32
		{5248756D-CCB6-366A-B50B-FFA81D579A7F}.RelWithDebInfo|Win32.Build.0 = RelWithDebInfo|Win32
		{07358560-7410-3AA3-A4A1-F3223ED9C5F8}.Debug|Win32.ActiveCfg = Debug|Win32
		{07358560-7410-3AA3-A4A1-F3223ED9C5F8}.Debug|Win32.Build.0 = Debug|Win32
		{07358560-7410-3AA3-A4A1-F3223ED9C5F8}.Release|Win32.ActiveCfg = Release|Win32
		{07358560-7410-3AA3-A4A1-F3223ED9C5F8}.Release|Win32.Build.0 = Release|Win32
		{07358560-7410-3AA3-A4A1-F3223ED9C5F8}.MinSizeRel|Win32.ActiveCfg = MinSizeRel|Win32
		{07358560-7410-3AA3-A4A1-F3223ED9C5F8}.MinSizeRel|Win32.Build.0 = MinSizeRel|Win32
		{07358560-7410-3AA3-A4A1-F3223ED9C5F8}.RelWithDebInfo|Win32.ActiveCfg = RelWithDebInfo|Win32
		{07358560-7410-3AA3-A4A1-F3223ED9C5F8}.RelWithDebInfo|Win32.Build.0 = RelWithDebInfo|Win32
		{97B4D2C8-2F46-32E9-B739-A8C6A5AE8415}.Debug|Win32.ActiveCfg = Debug|Win32
		{97B4D2C8-2F46-32E9-B739-A8C6A5AE8415}.Debug|Win32.Build.0 = Debug|Win32
		{97B4D2C8-2F46-32E9-B739-A8C6A5AE8415}.Release|Win32.ActiveCfg = Release|Win32
		{97B4D2C8-2F46-32E9-B739-A8C6A5AE8415}.Release|Win32.Build.0 = Release|Win32
		{97B4D2C8-2F46-32E9-B739-A8C6A5AE8415}.MinSizeRel|Win32.ActiveCfg = MinSizeRel|Win32
		{97B4D2C8-2F46-32E9-B739-A8C6A5AE8415}.MinSizeRel|Win32.Build.0 = MinSizeRel|Win32
		{97B4D2C8-2F46-32E9-B739-A8C6A5AE8415}.RelWithDebInfo|Win32.ActiveCfg = RelWithDebInfo|Win32
		{97B4D2C8-2F46-32E9-B739-A8C6A5AE8415}.RelWithDebInfo|Win32.Build.0 = RelWithDebInfo|Win32
		{3781CDBF-D06F-3BF3-9B98-943AE2EA6284}.Debug|Win32.ActiveCfg = Debug|Win32
		{3781CDBF-D06F-3BF3-9B98-943AE2EA6284}.Debug|Win32.Build.0 = Debug|Win32
		{3781CDBF-D06F-3BF3-9B98-943AE2EA6284}.Release|Win32.ActiveCfg = Release|Win32
		{3781CDBF-D06F-3BF3-9B98-943AE2EA6284}.Release|Win32.Build.0 = Release|Win32
		{3781CDBF-D06F-3BF3-9B98-943AE2EA6284}.MinSizeRel|Win32.ActiveCfg = MinSizeRel|Win32
		{3781CDBF-D06F-3BF3-9B98-943AE2EA6284}.MinSizeRel|Win32.Build.0 = MinSizeRel|Win32
		{3781CDBF-D06F-3BF3-9B98-943AE2EA6284}.RelWithDebInfo|Win32.ActiveCfg = RelWithDebInfo|Win32
		{3781CDBF-D06F-3BF3-9B98-943AE2EA6284}.RelWithDebInfo|Win32.Build.0 = RelWithDebInfo|Win32
		{884DD157-40B8-3CFD-B642-D4BEA466D8D5}.Debug|Win32.ActiveCfg = Debug|Win32
		{884DD157-40B8-3CFD-B642-D4BEA466D8D5}.Debug|Win32.Build.0 = Debug|Win32
		{884DD157-40B8-3CFD-B642-D4BEA466D8D5}.Release|Win32.ActiveCfg = Release|Win32
		{884DD157-40B8-3CFD-B642-D4BEA466D8D5}.Release|Win32.Build.0 = Release|Win32
		{884DD157-40B8-3CFD-B642-D4BEA466D8D5}.MinSizeRel|Win32.ActiveCfg = MinSizeRel|Win32
		{884DD157-40B8-3CFD-B642-D4BEA466D8D5}.MinSizeRel|Win32.Build.0 = MinSizeRel|Win32
		{884DD157-40B8-3CFD-B642-D4BEA466D8D5}.RelWithDebInfo|Win32.ActiveCfg = RelWithDebInfo|Win32
		{884DD157-40B8-3CFD-B642-D4BEA466D8D5}.RelWithDebInfo|Win32.Build.0 = RelWithDebInfo|Win32
		{5D6EF458-1174-35F9-8A9A-0C9113F853D7}.Debug|Win32.ActiveCfg = Debug|Win32
		{5D6EF458-1174-35F9-8A9A-0C9113F853D7}.Debug|Win32.Build.0 = Debug|Win32
		{5D6EF458-1174-35F9-8A9A-0C9113F853D7}.Release|Win32.ActiveCfg = Release|Win32
		{5D6EF458-1174-35F9-8A9A-0C9113F853D7}.Release|Win32.Build.0 = Release|Win32
		{5D6EF458-1174-35F9-8A9A-0C9113F853D7}.MinSizeRel|Win32.ActiveCfg = MinSizeRel|Win32
		{5D6EF458-1174-35F9-8A9A-0C9113F853D7}.MinSizeRel|Win32.Build.0 = MinSizeRel|Win32
		{5D6EF458-1174-35F9-8A9A-0C9113F853D7}.RelWithDebInfo|Win32.ActiveCfg = RelWithDebInfo|Win32
		{5D6EF458-1174-35F9-8A9A-0C9113F853D7}.RelWithDebInfo|Win32.Build.0 = RelWithDebInfo|Win32
		{6158B93D-1A8E-3F1D-8186-B5B22EA44542}.Debug|Win32.ActiveCfg = Debug|Win32
		{6158B93D-1A8E-3F1D-8186-B5B22EA44542}.Debug|Win32.Build.0 = Debug|Win32
		{6158B93D-1A8E-3F1D-8186-B5B22EA44542}.Release|Win32.ActiveCfg = Release|Win32
		{6158B93D-1A8E-3F1D-8186-B5B22EA44542}.Release|Win32.Build.0 = Release|Win32
		{6158B93D-1A8E-3F1D-8186-B5B22EA44542}.MinSizeRel|Win32.ActiveCfg = MinSizeRel|Win32
		{6158B93D-1A8E-3F1D-8186-B5B22EA44542}.MinSizeRel|Win32.Build.0 = MinSizeRel|Win32
		{6158B93D-1A8E-3F1D-8186-B5B22EA44542}.RelWithDebInfo|Win32.ActiveCfg = RelWithDebInfo|Win32
		{6158B93D-1A8E-3F1D-8186-B5B22EA44542}.RelWithDebInfo|Win32.Build.0 = RelWithDebInfo|Win32
		{20A16681-36F0-32AD-A7E5-2BA8C00653EF}.Debug|Win32.ActiveCfg = Debug|Win32
		{20A16681-36F0-32AD-A7E5-2BA8C00653EF}.Debug|Win32.Build.0 = Debug|Win32
		{20A16681-36F0-32AD-A7E5-2BA8C00653EF}.Release|Win32.ActiveCfg = Release|Win32
		{20A16681-36F0-32AD-A7E5-2BA8C00653EF}.Release|Win32.Build.0 = Release|Win32
		{20A16681-36F0-32AD-A7E5-2BA8C00653EF}.MinSizeRel|Win32.ActiveCfg = MinSizeRel|Win32
		{20A16681-36F0-32AD-A7E5-2BA8C00653EF}.MinSizeRel|Win32.Build.0 = MinSizeRel|Win32
		{20A16681-36F0-32AD-A7E5-2BA8C00653EF}.RelWithDebInfo|Win32.ActiveCfg = RelWithDebInfo|Win32
		{20A16681-36F0-32AD-A7E5-2BA8C00653EF}.RelWithDebInfo|Win32.Build.0 = RelWithDebInfo|Win32
		{B08CE907-7BFF-3105-A110-8EC40DB45E68}.Debug|Win32.ActiveCfg = Debug|Win32
		{B08CE907-7BFF-3105-A110-8EC40DB45E68}.Debug|Win32.Build.0 = Debug|Win32
		{B08CE907-7BFF-3105-A110-8EC40DB45E68}.Release|Win32.ActiveCfg = Release|Win32
		{B08CE907-7BFF-3105-A110-8EC40DB45E68}.Release|Win32.Build.0 = Release|Win32
		{B08CE907-7BFF-3105-A110-8EC40DB45E68}.MinSizeRel|Win32.ActiveCfg = MinSizeRel|Win32
		{B08CE907-7BFF-3105-A110-8EC40DB45E68}.MinSizeRel|Win32.Build.0 = MinSizeRel|Win32
		{B08CE907-7BFF-3105-A110-8EC40DB45E68}.RelWithDebInfo|Win32.ActiveCfg = RelWithDebInfo|Win32
		{B08CE907-7BFF-3105-A110-8EC40DB45E68}.RelWithDebInfo|Win32.Build.0 = RelWithDebInfo|Win32
		{4002BB55-F511-3CC3-89C5-C79AEACDD365}.Debug|Win32.ActiveCfg = Debug|Win32
		{4002BB55-F511-3CC3-89C5-C79AEACDD365}.Debug|Win32.Build.0 = Debug|Win32
		{4002BB55-F511-3CC3-89C5-C79AEACDD365}.Release|Win32.ActiveCfg = Release|Win32
		{4002BB55-F511-3CC3-89C5-C79AEACDD365}.Release|Win32.Build.0 = Release|Win32
		{4002BB55-F511-3CC3-89C5-C79AEACDD365}.MinSizeRel|Win32.ActiveCfg = MinSizeRel|Win32
		{4002BB55-F511-3CC3-89C5-C79AEACDD365}.MinSizeRel|Win32.Build.0 = MinSizeRel|Win32
		{4002BB55-F511-3CC3-89C5-C79AEACDD365}.RelWithDebInfo|Win32.ActiveCfg = RelWithDebInfo|Win32
		{4002BB55-F511-3CC3-89C5-C79AEACDD365}.RelWithDebInfo|Win32.Build.0 = RelWithDebInfo|Win32
		{D6079B81-C150-3A9F-9A87-C671FF4F3689}.Debug|Win32.ActiveCfg = Debug|Win32
		{D6079B81-C150-3A9F-9A87-C671FF4F3689}.Debug|Win32.Build.0 = Debug|Win32
		{D6079B81-C150-3A9F-9A87-C671FF4F3689}.Release|Win32.ActiveCfg = Release|Win32
		{D6079B81-C150-3A9F-9A87-C671FF4F3689}.Release|Win32.Build.0 = Release|Win32
		{D6079B81-C150-3A9F-9A87-C671FF4F3689}.MinSizeRel|Win32.ActiveCfg = MinSizeRel|Win32
		{D6079B81-C150-3A9F-9A87-C671FF4F3689}.MinSizeRel|Win32.Build.0 = MinSizeRel|Win32
		{D6079B81-C150-3A9F-9A87-C671FF4F3689}.RelWithDebInfo|Win32.ActiveCfg = RelWithDebInfo|Win32
		{D6079B81-C150-3A9F-9A87-C671FF4F3689}.RelWithDebInfo|Win32.Build.0 = RelWithDebInfo|Win32
		{F89006EA-DA86-384F-9D99-4B020FBFB795}.Debug|Win32.ActiveCfg = Debug|Win32
		{F89006EA-DA86-384F-9D99-4B020FBFB795}.Debug|Win32.Build.0 = Debug|Win32
		{F89006EA-DA86-384F-9D99-4B020FBFB795}.Release|Win32.ActiveCfg = Release|Win32
		{F89006EA-DA86-384F-9D99-4B020FBFB795}.Release|Win32.Build.0 = Release|Win32
		{F89006EA-DA86-384F-9D99-4B020FBFB795}.MinSizeRel|Win32.ActiveCfg = MinSizeRel|Win32
		{F89006EA-DA86-384F-9D99-4B020FBFB795}.MinSizeRel|Win32.Build.0 = MinSizeRel|Win32
		{F89006EA-DA86-384F-9D99-4B020FBFB795}.RelWithDebInfo|Win32.ActiveCfg = RelWithDebInfo|Win32
		{F89006EA-DA86-384F-9D99-4B020FBFB795}.RelWithDebInfo|Win32.Build.0 = RelWithDebInfo|Win32
		{F55E55A5-8DB6-3FF8-8DDE-9074A4046D52}.Debug|Win32.ActiveCfg = Debug|Win32
		{F55E55A5-8DB6-3FF8-8DDE-9074A4046D52}.Debug|Win32.Build.0 = Debug|Win32
		{F55E55A5-8DB6-3FF8-8DDE-9074A4046D52}.Release|Win32.ActiveCfg = Release|Win32
		{F55E55A5-8DB6-3FF8-8DDE-9074A4046D52}.Release|Win32.Build.0 = Release|Win32
		{F55E55A5-8DB6-3FF8-8DDE-9074A4046D52}.MinSizeRel|Win32.ActiveCfg = MinSizeRel|Win32
		{F55E55A5-8DB6-3FF8-8DDE-9074A4046D52}.MinSizeRel|Win32.Build.0 = MinSizeRel|Win32
		{F55E55A5-8DB6-3FF8-8DDE-9074A4046D52}.RelWithDebInfo|Win32.ActiveCfg = RelWithDebInfo|Win32
		{F55E55A5-8DB6-3FF8-8DDE-9074A4046D52}.RelWithDebInfo|Win32.Build.0 = RelWithDebInfo|Win32
		{B014C1DA-EE09-3D93-AEC1-BA64EFDA5833}.Debug|Win32.ActiveCfg = Debug|Win32
		{B014C1DA-EE09-3D93-AEC1-BA64EFDA5833}.Debug|Win32.Build.0 = Debug|Win32
		{B014C1DA-EE09-3D93-AEC1-BA64EFDA5833}.Release|Win32.ActiveCfg = Release|Win32
		{B014C1DA-EE09-3D93-AEC1-BA64EFDA5833}.Release|Win32.Build.0 = Release|Win32
		{B014C1DA-EE09-3D93-AEC1-BA64EFDA5833}.MinSizeRel|Win32.ActiveCfg = MinSizeRel|Win32
		{B014C1DA-EE09-3D93-AEC1-BA64EFDA5833}.MinSizeRel|Win32.Build.0 = MinSizeRel|Win32
		{B014C1DA-EE09-3D93-AEC1-BA64EFDA5833}.RelWithDebInfo|Win32.ActiveCfg = RelWithDebInfo|Win32
		{B014C1DA-EE09-3D93-AEC1-BA64EFDA5833}.RelWithDebInfo|Win32.Build.0 = RelWithDebInfo|Win32
		{CDE0F084-3585-3EEB-9754-B94A592319EF}.Debug|Win32.ActiveCfg = Debug|Win32
		{CDE0F084-3585-3EEB-9754-B94A592319EF}.Debug|Win32.Build.0 = Debug|Win32
		{CDE0F084-3585-3EEB-9754-B94A592319EF}.Release|Win32.ActiveCfg = Release|Win32
		{CDE0F084-3585-3EEB-9754-B94A592319EF}.Release|Win32.Build.0 = Release|Win32
		{CDE0F084-3585-3EEB-9754-B94A592319EF}.MinSizeRel|Win32.ActiveCfg = MinSizeRel|Win32
		{CDE0F084-3585-3EEB-9754-B94A592319EF}.MinSizeRel|Win32.Build.0 = MinSizeRel|Win32
		{CDE0F084-3585-3EEB-9754-B94A592319EF}.RelWithDebInfo|Win32.ActiveCfg = RelWithDebInfo|Win32
		{CDE0F084-3585-3EEB-9754-B94A592319EF}.RelWithDebInfo|Win32.Build.0 = RelWithDebInfo|Win32
		{37FE2AA4-9CF0-3744-AE45-379F38133DD3}.Debug|Win32.ActiveCfg = Debug|Win32
		{37FE2AA4-9CF0-3744-AE45-379F38133DD3}.Debug|Win32.Build.0 = Debug|Win32
		{37FE2AA4-9CF0-3744-AE45-379F38133DD3}.Release|Win32.ActiveCfg = Release|Win32
		{37FE2AA4-9CF0-3744-AE45-379F38133DD3}.Release|Win32.Build.0 = Release|Win32
		{37FE2AA4-9CF0-3744-AE45-379F38133DD3}.MinSizeRel|Win32.ActiveCfg = MinSizeRel|Win32
		{37FE2AA4-9CF0-3744-AE45-379F38133DD3}.MinSizeRel|Win32.Build.0 = MinSizeRel|Win32
		{37FE2AA4-9CF0-3744-AE45-379F38133DD3}.RelWithDebInfo|Win32.ActiveCfg = RelWithDebInfo|Win32
		{37FE2AA4-9CF0-3744-AE45-379F38133DD3}.RelWithDebInfo|Win32.Build.0 = RelWithDebInfo|Win32
		{D727B99A-1489-30A1-9C81-F18355C10E30}.Debug|Win32.ActiveCfg = Debug|Win32
		{D727B99A-1489-30A1-9C81-F18355C10E30}.Release|Win32.ActiveCfg = Release|Win32
		{D727B99A-1489-30A1-9C81-F18355C10E30}.MinSizeRel|Win32.ActiveCfg = MinSizeRel|Win32
		{D727B99A-1489-30A1-9C81-F18355C10E30}.RelWithDebInfo|Win32.ActiveCfg = RelWithDebInfo|Win32
		{C888B390-A442-3BF3-9BE4-C0C6E7B78ED4}.Debug|Win32.ActiveCfg = Debug|Win32
		{C888B390-A442-3BF3-9BE4-C0C6E7B78ED4}.Debug|Win32.Build.0 = Debug|Win32
		{C888B390-A442-3BF3-9BE4-C0C6E7B78ED4}.Release|Win32.ActiveCfg = Release|Win32
		{C888B390-A442-3BF3-9BE4-C0C6E7B78ED4}.Release|Win32.Build.0 = Release|Win32
		{C888B390-A442-3BF3-9BE4-C0C6E7B78ED4}.MinSizeRel|Win32.ActiveCfg = MinSizeRel|Win32
		{C888B390-A442-3BF3-9BE4-C0C6E7B78ED4}.MinSizeRel|Win32.Build.0 = MinSizeRel|Win32
		{C888B390-A442-3BF3-9BE4-C0C6E7B78ED4}.RelWithDebInfo|Win32.ActiveCfg = RelWithDebInfo|Win32
		{C888B390-A442-3BF3-9BE4-C0C6E7B78ED4}.RelWithDebInfo|Win32.Build.0 = RelWithDebInfo|Win32
		{7FF5FA4E-0EE1-3B68-8C3B-702A50F13BCB}.Debug|Win32.ActiveCfg = Debug|Win32
		{7FF5FA4E-0EE1-3B68-8C3B-702A50F13BCB}.Release|Win32.ActiveCfg = Release|Win32
		{7FF5FA4E-0EE1-3B68-8C3B-702A50F13BCB}.MinSizeRel|Win32.ActiveCfg = MinSizeRel|Win32
		{7FF5FA4E-0EE1-3B68-8C3B-702A50F13BCB}.RelWithDebInfo|Win32.ActiveCfg = RelWithDebInfo|Win32
		{DB578065-0FD5-3814-873B-AF87AFBD4B37}.Debug|Win32.ActiveCfg = Debug|Win32
		{DB578065-0FD5-3814-873B-AF87AFBD4B37}.Release|Win32.ActiveCfg = Release|Win32
		{DB578065-0FD5-3814-873B-AF87AFBD4B37}.MinSizeRel|Win32.ActiveCfg = MinSizeRel|Win32
		{DB578065-0FD5-3814-873B-AF87AFBD4B37}.RelWithDebInfo|Win32.ActiveCfg = RelWithDebInfo|Win32
		{450BBBB8-F5F8-33CD-97E8-122426A19410}.Debug|Win32.ActiveCfg = Debug|Win32
		{450BBBB8-F5F8-33CD-97E8-122426A19410}.Debug|Win32.Build.0 = Debug|Win32
		{450BBBB8-F5F8-33CD-97E8-122426A19410}.Release|Win32.ActiveCfg = Release|Win32
		{450BBBB8-F5F8-33CD-97E8-122426A19410}.Release|Win32.Build.0 = Release|Win32
		{450BBBB8-F5F8-33CD-97E8-122426A19410}.MinSizeRel|Win32.ActiveCfg = MinSizeRel|Win32
		{450BBBB8-F5F8-33CD-97E8-122426A19410}.MinSizeRel|Win32.Build.0 = MinSizeRel|Win32
		{450BBBB8-F5F8-33CD-97E8-122426A19410}.RelWithDebInfo|Win32.ActiveCfg = RelWithDebInfo|Win32
		{450BBBB8-F5F8-33CD-97E8-122426A19410}.RelWithDebInfo|Win32.Build.0 = RelWithDebInfo|Win32
		{6DC03E35-652A-3EB1-B86A-0E0411B0C579}.Debug|Win32.ActiveCfg = Debug|Win32
		{6DC03E35-652A-3EB1-B86A-0E0411B0C579}.Debug|Win32.Build.0 = Debug|Win32
		{6DC03E35-652A-3EB1-B86A-0E0411B0C579}.Release|Win32.ActiveCfg = Release|Win32
		{6DC03E35-652A-3EB1-B86A-0E0411B0C579}.Release|Win32.Build.0 = Release|Win32
		{6DC03E35-652A-3EB1-B86A-0E0411B0C579}.MinSizeRel|Win32.ActiveCfg = MinSizeRel|Win32
		{6DC03E35-652A-3EB1-B86A-0E0411B0C579}.MinSizeRel|Win32.Build.0 = MinSizeRel|Win32
		{6DC03E35-652A-3EB1-B86A-0E0411B0C579}.RelWithDebInfo|Win32.ActiveCfg = RelWithDebInfo|Win32
		{6DC03E35-652A-3EB1-B86A-0E0411B0C579}.RelWithDebInfo|Win32.Build.0 = RelWithDebInfo|Win32
		{3437BC26-A831-3889-88ED-54FF2D52A874}.Debug|Win32.ActiveCfg = Debug|Win32
		{3437BC26-A831-3889-88ED-54FF2D52A874}.Debug|Win32.Build.0 = Debug|Win32
		{3437BC26-A831-3889-88ED-54FF2D52A874}.Release|Win32.ActiveCfg = Release|Win32
		{3437BC26-A831-3889-88ED-54FF2D52A874}.Release|Win32.Build.0 = Release|Win32
		{3437BC26-A831-3889-88ED-54FF2D52A874}.MinSizeRel|Win32.ActiveCfg = MinSizeRel|Win32
		{3437BC26-A831-3889-88ED-54FF2D52A874}.MinSizeRel|Win32.Build.0 = MinSizeRel|Win32
		{3437BC26-A831-3889-88ED-54FF2D52A874}.RelWithDebInfo|Win32.ActiveCfg = RelWithDebInfo|Win32
		{3437BC26-A831-3889-88ED-54FF2D52A874}.RelWithDebInfo|Win32.Build.0 = RelWithDebInfo|Win32
		{7C0B2100-34D0-3DF9-8DD6-E856762DD7BE}.Debug|Win32.ActiveCfg = Debug|Win32
		{7C0B2100-34D0-3DF9-8DD6-E856762DD7BE}.Debug|Win32.Build.0 = Debug|Win32
		{7C0B2100-34D0-3DF9-8DD6-E856762DD7BE}.Release|Win32.ActiveCfg = Release|Win32
		{7C0B2100-34D0-3DF9-8DD6-E856762DD7BE}.Release|Win32.Build.0 = Release|Win32
		{7C0B2100-34D0-3DF9-8DD6-E856762DD7BE}.MinSizeRel|Win32.ActiveCfg = MinSizeRel|Win32
		{7C0B2100-34D0-3DF9-8DD6-E856762DD7BE}.MinSizeRel|Win32.Build.0 = MinSizeRel|Win32
		{7C0B2100-34D0-3DF9-8DD6-E856762DD7BE}.RelWithDebInfo|Win32.ActiveCfg = RelWithDebInfo|Win32
		{7C0B2100-34D0-3DF9-8DD6-E856762DD7BE}.RelWithDebInfo|Win32.Build.0 = RelWithDebInfo|Win32
		{72D4FF95-D8A4-3841-86B0-D5DEFBFC57CC}.Debug|Win32.ActiveCfg = Debug|Win32
		{72D4FF95-D8A4-3841-86B0-D5DEFBFC57CC}.Debug|Win32.Build.0 = Debug|Win32
		{72D4FF95-D8A4-3841-86B0-D5DEFBFC57CC}.Release|Win32.ActiveCfg = Release|Win32
		{72D4FF95-D8A4-3841-86B0-D5DEFBFC57CC}.Release|Win32.Build.0 = Release|Win32
		{72D4FF95-D8A4-3841-86B0-D5DEFBFC57CC}.MinSizeRel|Win32.ActiveCfg = MinSizeRel|Win32
		{72D4FF95-D8A4-3841-86B0-D5DEFBFC57CC}.MinSizeRel|Win32.Build.0 = MinSizeRel|Win32
		{72D4FF95-D8A4-3841-86B0-D5DEFBFC57CC}.RelWithDebInfo|Win32.ActiveCfg = RelWithDebInfo|Win32
		{72D4FF95-D8A4-3841-86B0-D5DEFBFC57CC}.RelWithDebInfo|Win32.Build.0 = RelWithDebInfo|Win32
		{1FB9D847-0F95-3F7D-B8D3-8697F53E5D36}.Debug|Win32.ActiveCfg = Debug|Win32
		{1FB9D847-0F95-3F7D-B8D3-8697F53E5D36}.Debug|Win32.Build.0 = Debug|Win32
		{1FB9D847-0F95-3F7D-B8D3-8697F53E5D36}.Release|Win32.ActiveCfg = Release|Win32
		{1FB9D847-0F95-3F7D-B8D3-8697F53E5D36}.Release|Win32.Build.0 = Release|Win32
		{1FB9D847-0F95-3F7D-B8D3-8697F53E5D36}.MinSizeRel|Win32.ActiveCfg = MinSizeRel|Win32
		{1FB9D847-0F95-3F7D-B8D3-8697F53E5D36}.MinSizeRel|Win32.Build.0 = MinSizeRel|Win32
		{1FB9D847-0F95-3F7D-B8D3-8697F53E5D36}.RelWithDebInfo|Win32.ActiveCfg = RelWithDebInfo|Win32
		{1FB9D847-0F95-3F7D-B8D3-8697F53E5D36}.RelWithDebInfo|Win32.Build.0 = RelWithDebInfo|Win32
		{F8CD0856-2F4E-3DE6-8485-AF811F58EDDB}.Debug|Win32.ActiveCfg = Debug|Win32
		{F8CD0856-2F4E-3DE6-8485-AF811F58EDDB}.Debug|Win32.Build.0 = Debug|Win32
		{F8CD0856-2F4E-3DE6-8485-AF811F58EDDB}.Release|Win32.ActiveCfg = Release|Win32
		{F8CD0856-2F4E-3DE6-8485-AF811F58EDDB}.Release|Win32.Build.0 = Release|Win32
		{F8CD0856-2F4E-3DE6-8485-AF811F58EDDB}.MinSizeRel|Win32.ActiveCfg = MinSizeRel|Win32
		{F8CD0856-2F4E-3DE6-8485-AF811F58EDDB}.MinSizeRel|Win32.Build.0 = MinSizeRel|Win32
		{F8CD0856-2F4E-3DE6-8485-AF811F58EDDB}.RelWithDebInfo|Win32.ActiveCfg = RelWithDebInfo|Win32
		{F8CD0856-2F4E-3DE6-8485-AF811F58EDDB}.RelWithDebInfo|Win32.Build.0 = RelWithDebInfo|Win32
		{27FF2854-CD1F-3C1B-8CD7-8FC94DECB893}.Debug|Win32.ActiveCfg = Debug|Win32
		{27FF2854-CD1F-3C1B-8CD7-8FC94DECB893}.Debug|Win32.Build.0 = Debug|Win32
		{27FF2854-CD1F-3C1B-8CD7-8FC94DECB893}.Release|Win32.ActiveCfg = Release|Win32
		{27FF2854-CD1F-3C1B-8CD7-8FC94DECB893}.Release|Win32.Build.0 = Release|Win32
		{27FF2854-CD1F-3C1B-8CD7-8FC94DECB893}.MinSizeRel|Win32.ActiveCfg = MinSizeRel|Win32
		{27FF2854-CD1F-3C1B-8CD7-8FC94DECB893}.MinSizeRel|Win32.Build.0 = MinSizeRel|Win32
		{27FF2854-CD1F-3C1B-8CD7-8FC94DECB893}.RelWithDebInfo|Win32.ActiveCfg = RelWithDebInfo|Win32
		{27FF2854-CD1F-3C1B-8CD7-8FC94DECB893}.RelWithDebInfo|Win32.Build.0 = RelWithDebInfo|Win32
		{A58B6808-897F-36C0-B50D-A482C9E1AFC3}.Debug|Win32.ActiveCfg = Debug|Win32
		{A58B6808-897F-36C0-B50D-A482C9E1AFC3}.Debug|Win32.Build.0 = Debug|Win32
		{A58B6808-897F-36C0-B50D-A482C9E1AFC3}.Release|Win32.ActiveCfg = Release|Win32
		{A58B6808-897F-36C0-B50D-A482C9E1AFC3}.Release|Win32.Build.0 = Release|Win32
		{A58B6808-897F-36C0-B50D-A482C9E1AFC3}.MinSizeRel|Win32.ActiveCfg = MinSizeRel|Win32
		{A58B6808-897F-36C0-B50D-A482C9E1AFC3}.MinSizeRel|Win32.Build.0 = MinSizeRel|Win32
		{A58B6808-897F-36C0-B50D-A482C9E1AFC3}.RelWithDebInfo|Win32.ActiveCfg = RelWithDebInfo|Win32
		{A58B6808-897F-36C0-B50D-A482C9E1AFC3}.RelWithDebInfo|Win32.Build.0 = RelWithDebInfo|Win32
		{3000E653-8DE1-3869-BD04-918FDA696C38}.Debug|Win32.ActiveCfg = Debug|Win32
		{3000E653-8DE1-3869-BD04-918FDA696C38}.Debug|Win32.Build.0 = Debug|Win32
		{3000E653-8DE1-3869-BD04-918FDA696C38}.Release|Win32.ActiveCfg = Release|Win32
		{3000E653-8DE1-3869-BD04-918FDA696C38}.Release|Win32.Build.0 = Release|Win32
		{3000E653-8DE1-3869-BD04-918FDA696C38}.MinSizeRel|Win32.ActiveCfg = MinSizeRel|Win32
		{3000E653-8DE1-3869-BD04-918FDA696C38}.MinSizeRel|Win32.Build.0 = MinSizeRel|Win32
		{3000E653-8DE1-3869-BD04-918FDA696C38}.RelWithDebInfo|Win32.ActiveCfg = RelWithDebInfo|Win32
		{3000E653-8DE1-3869-BD04-918FDA696C38}.RelWithDebInfo|Win32.Build.0 = RelWithDebInfo|Win32
		{21A9A2D4-0E87-396D-B155-4B866443979F}.Debug|Win32.ActiveCfg = Debug|Win32
		{21A9A2D4-0E87-396D-B155-4B866443979F}.Debug|Win32.Build.0 = Debug|Win32
		{21A9A2D4-0E87-396D-B155-4B866443979F}.Release|Win32.ActiveCfg = Release|Win32
		{21A9A2D4-0E87-396D-B155-4B866443979F}.Release|Win32.Build.0 = Release|Win32
		{21A9A2D4-0E87-396D-B155-4B866443979F}.MinSizeRel|Win32.ActiveCfg = MinSizeRel|Win32
		{21A9A2D4-0E87-396D-B155-4B866443979F}.MinSizeRel|Win32.Build.0 = MinSizeRel|Win32
		{21A9A2D4-0E87-396D-B155-4B866443979F}.RelWithDebInfo|Win32.ActiveCfg = RelWithDebInfo|Win32
		{21A9A2D4-0E87-396D-B155-4B866443979F}.RelWithDebInfo|Win32.Build.0 = RelWithDebInfo|Win32
		{04351ADF-EF02-3127-86F4-671AA4244FD8}.Debug|Win32.ActiveCfg = Debug|Win32
		{04351ADF-EF02-3127-86F4-671AA4244FD8}.Debug|Win32.Build.0 = Debug|Win32
		{04351ADF-EF02-3127-86F4-671AA4244FD8}.Release|Win32.ActiveCfg = Release|Win32
		{04351ADF-EF02-3127-86F4-671AA4244FD8}.Release|Win32.Build.0 = Release|Win32
		{04351ADF-EF02-3127-86F4-671AA4244FD8}.MinSizeRel|Win32.ActiveCfg = MinSizeRel|Win32
		{04351ADF-EF02-3127-86F4-671AA4244FD8}.MinSizeRel|Win32.Build.0 = MinSizeRel|Win32
		{04351ADF-EF02-3127-86F4-671AA4244FD8}.RelWithDebInfo|Win32.ActiveCfg = RelWithDebInfo|Win32
		{04351ADF-EF02-3127-86F4-671AA4244FD8}.RelWithDebInfo|Win32.Build.0 = RelWithDebInfo|Win32
		{83C5ED87-C8F0-3E0B-A63A-070B8CC0DEFB}.Debug|Win32.ActiveCfg = Debug|Win32
		{83C5ED87-C8F0-3E0B-A63A-070B8CC0DEFB}.Debug|Win32.Build.0 = Debug|Win32
		{83C5ED87-C8F0-3E0B-A63A-070B8CC0DEFB}.Release|Win32.ActiveCfg = Release|Win32
		{83C5ED87-C8F0-3E0B-A63A-070B8CC0DEFB}.Release|Win32.Build.0 = Release|Win32
		{83C5ED87-C8F0-3E0B-A63A-070B8CC0DEFB}.MinSizeRel|Win32.ActiveCfg = MinSizeRel|Win32
		{83C5ED87-C8F0-3E0B-A63A-070B8CC0DEFB}.MinSizeRel|Win32.Build.0 = MinSizeRel|Win32
		{83C5ED87-C8F0-3E0B-A63A-070B8CC0DEFB}.RelWithDebInfo|Win32.ActiveCfg = RelWithDebInfo|Win32
		{83C5ED87-C8F0-3E0B-A63A-070B8CC0DEFB}.RelWithDebInfo|Win32.Build.0 = RelWithDebInfo|Win32
		{3EB47541-693D-3E4B-A3D8-20A16D62A62E}.Debug|Win32.ActiveCfg = Debug|Win32
		{3EB47541-693D-3E4B-A3D8-20A16D62A62E}.Debug|Win32.Build.0 = Debug|Win32
		{3EB47541-693D-3E4B-A3D8-20A16D62A62E}.Release|Win32.ActiveCfg = Release|Win32
		{3EB47541-693D-3E4B-A3D8-20A16D62A62E}.Release|Win32.Build.0 = Release|Win32
		{3EB47541-693D-3E4B-A3D8-20A16D62A62E}.MinSizeRel|Win32.ActiveCfg = MinSizeRel|Win32
		{3EB47541-693D-3E4B-A3D8-20A16D62A62E}.MinSizeRel|Win32.Build.0 = MinSizeRel|Win32
		{3EB47541-693D-3E4B-A3D8-20A16D62A62E}.RelWithDebInfo|Win32.ActiveCfg = RelWithDebInfo|Win32
		{3EB47541-693D-3E4B-A3D8-20A16D62A62E}.RelWithDebInfo|Win32.Build.0 = RelWithDebInfo|Win32
		{74EF639D-52F8-3821-9032-517216D1FDB1}.Debug|Win32.ActiveCfg = Debug|Win32
		{74EF639D-52F8-3821-9032-517216D1FDB1}.Debug|Win32.Build.0 = Debug|Win32
		{74EF639D-52F8-3821-9032-517216D1FDB1}.Release|Win32.ActiveCfg = Release|Win32
		{74EF639D-52F8-3821-9032-517216D1FDB1}.Release|Win32.Build.0 = Release|Win32
		{74EF639D-52F8-3821-9032-517216D1FDB1}.MinSizeRel|Win32.ActiveCfg = MinSizeRel|Win32
		{74EF639D-52F8-3821-9032-517216D1FDB1}.MinSizeRel|Win32.Build.0 = MinSizeRel|Win32
		{74EF639D-52F8-3821-9032-517216D1FDB1}.RelWithDebInfo|Win32.ActiveCfg = RelWithDebInfo|Win32
		{74EF639D-52F8-3821-9032-517216D1FDB1}.RelWithDebInfo|Win32.Build.0 = RelWithDebInfo|Win32
		{0CCD1DC1-1C92-36F4-BD1C-0E6A758CDC64}.Debug|Win32.ActiveCfg = Debug|Win32
		{0CCD1DC1-1C92-36F4-BD1C-0E6A758CDC64}.Debug|Win32.Build.0 = Debug|Win32
		{0CCD1DC1-1C92-36F4-BD1C-0E6A758CDC64}.Release|Win32.ActiveCfg = Release|Win32
		{0CCD1DC1-1C92-36F4-BD1C-0E6A758CDC64}.Release|Win32.Build.0 = Release|Win32
		{0CCD1DC1-1C92-36F4-BD1C-0E6A758CDC64}.MinSizeRel|Win32.ActiveCfg = MinSizeRel|Win32
		{0CCD1DC1-1C92-36F4-BD1C-0E6A758CDC64}.MinSizeRel|Win32.Build.0 = MinSizeRel|Win32
		{0CCD1DC1-1C92-36F4-BD1C-0E6A758CDC64}.RelWithDebInfo|Win32.ActiveCfg = RelWithDebInfo|Win32
		{0CCD1DC1-1C92-36F4-BD1C-0E6A758CDC64}.RelWithDebInfo|Win32.Build.0 = RelWithDebInfo|Win32
		{5D34C605-9242-386A-98B2-15BC29068BE1}.Debug|Win32.ActiveCfg = Debug|Win32
		{5D34C605-9242-386A-98B2-15BC29068BE1}.Debug|Win32.Build.0 = Debug|Win32
		{5D34C605-9242-386A-98B2-15BC29068BE1}.Release|Win32.ActiveCfg = Release|Win32
		{5D34C605-9242-386A-98B2-15BC29068BE1}.Release|Win32.Build.0 = Release|Win32
		{5D34C605-9242-386A-98B2-15BC29068BE1}.MinSizeRel|Win32.ActiveCfg = MinSizeRel|Win32
		{5D34C605-9242-386A-98B2-15BC29068BE1}.MinSizeRel|Win32.Build.0 = MinSizeRel|Win32
		{5D34C605-9242-386A-98B2-15BC29068BE1}.RelWithDebInfo|Win32.ActiveCfg = RelWithDebInfo|Win32
		{5D34C605-9242-386A-98B2-15BC29068BE1}.RelWithDebInfo|Win32.Build.0 = RelWithDebInfo|Win32
		{69129EA0-A474-31DD-9645-3195A67BECAD}.Debug|Win32.ActiveCfg = Debug|Win32
		{69129EA0-A474-31DD-9645-3195A67BECAD}.Debug|Win32.Build.0 = Debug|Win32
		{69129EA0-A474-31DD-9645-3195A67BECAD}.Release|Win32.ActiveCfg = Release|Win32
		{69129EA0-A474-31DD-9645-3195A67BECAD}.Release|Win32.Build.0 = Release|Win32
		{69129EA0-A474-31DD-9645-3195A67BECAD}.MinSizeRel|Win32.ActiveCfg = MinSizeRel|Win32
		{69129EA0-A474-31DD-9645-3195A67BECAD}.MinSizeRel|Win32.Build.0 = MinSizeRel|Win32
		{69129EA0-A474-31DD-9645-3195A67BECAD}.RelWithDebInfo|Win32.ActiveCfg = RelWithDebInfo|Win32
		{69129EA0-A474-31DD-9645-3195A67BECAD}.RelWithDebInfo|Win32.Build.0 = RelWithDebInfo|Win32
		{7CA86F17-0117-3FB4-9082-211C791F5269}.Debug|Win32.ActiveCfg = Debug|Win32
		{7CA86F17-0117-3FB4-9082-211C791F5269}.Debug|Win32.Build.0 = Debug|Win32
		{7CA86F17-0117-3FB4-9082-211C791F5269}.Release|Win32.ActiveCfg = Release|Win32
		{7CA86F17-0117-3FB4-9082-211C791F5269}.Release|Win32.Build.0 = Release|Win32
		{7CA86F17-0117-3FB4-9082-211C791F5269}.MinSizeRel|Win32.ActiveCfg = MinSizeRel|Win32
		{7CA86F17-0117-3FB4-9082-211C791F5269}.MinSizeRel|Win32.Build.0 = MinSizeRel|Win32
		{7CA86F17-0117-3FB4-9082-211C791F5269}.RelWithDebInfo|Win32.ActiveCfg = RelWithDebInfo|Win32
		{7CA86F17-0117-3FB4-9082-211C791F5269}.RelWithDebInfo|Win32.Build.0 = RelWithDebInfo|Win32
		{3A83F05F-F5BD-3C14-A6D0-160A1ED6A7D6}.Debug|Win32.ActiveCfg = Debug|Win32
		{3A83F05F-F5BD-3C14-A6D0-160A1ED6A7D6}.Debug|Win32.Build.0 = Debug|Win32
		{3A83F05F-F5BD-3C14-A6D0-160A1ED6A7D6}.Release|Win32.ActiveCfg = Release|Win32
		{3A83F05F-F5BD-3C14-A6D0-160A1ED6A7D6}.Release|Win32.Build.0 = Release|Win32
		{3A83F05F-F5BD-3C14-A6D0-160A1ED6A7D6}.MinSizeRel|Win32.ActiveCfg = MinSizeRel|Win32
		{3A83F05F-F5BD-3C14-A6D0-160A1ED6A7D6}.MinSizeRel|Win32.Build.0 = MinSizeRel|Win32
		{3A83F05F-F5BD-3C14-A6D0-160A1ED6A7D6}.RelWithDebInfo|Win32.ActiveCfg = RelWithDebInfo|Win32
		{3A83F05F-F5BD-3C14-A6D0-160A1ED6A7D6}.RelWithDebInfo|Win32.Build.0 = RelWithDebInfo|Win32
		{B05F9089-511E-3617-916E-DD5449D185D5}.Debug|Win32.ActiveCfg = Debug|Win32
		{B05F9089-511E-3617-916E-DD5449D185D5}.Debug|Win32.Build.0 = Debug|Win32
		{B05F9089-511E-3617-916E-DD5449D185D5}.Release|Win32.ActiveCfg = Release|Win32
		{B05F9089-511E-3617-916E-DD5449D185D5}.Release|Win32.Build.0 = Release|Win32
		{B05F9089-511E-3617-916E-DD5449D185D5}.MinSizeRel|Win32.ActiveCfg = MinSizeRel|Win32
		{B05F9089-511E-3617-916E-DD5449D185D5}.MinSizeRel|Win32.Build.0 = MinSizeRel|Win32
		{B05F9089-511E-3617-916E-DD5449D185D5}.RelWithDebInfo|Win32.ActiveCfg = RelWithDebInfo|Win32
		{B05F9089-511E-3617-916E-DD5449D185D5}.RelWithDebInfo|Win32.Build.0 = RelWithDebInfo|Win32
		{BC75777F-B4DB-3BBB-B354-E5171E75DB0B}.Debug|Win32.ActiveCfg = Debug|Win32
		{BC75777F-B4DB-3BBB-B354-E5171E75DB0B}.Debug|Win32.Build.0 = Debug|Win32
		{BC75777F-B4DB-3BBB-B354-E5171E75DB0B}.Release|Win32.ActiveCfg = Release|Win32
		{BC75777F-B4DB-3BBB-B354-E5171E75DB0B}.Release|Win32.Build.0 = Release|Win32
		{BC75777F-B4DB-3BBB-B354-E5171E75DB0B}.MinSizeRel|Win32.ActiveCfg = MinSizeRel|Win32
		{BC75777F-B4DB-3BBB-B354-E5171E75DB0B}.MinSizeRel|Win32.Build.0 = MinSizeRel|Win32
		{BC75777F-B4DB-3BBB-B354-E5171E75DB0B}.RelWithDebInfo|Win32.ActiveCfg = RelWithDebInfo|Win32
		{BC75777F-B4DB-3BBB-B354-E5171E75DB0B}.RelWithDebInfo|Win32.Build.0 = RelWithDebInfo|Win32
		{CE8FFCDA-574D-37FB-83EB-E6510B039179}.Debug|Win32.ActiveCfg = Debug|Win32
		{CE8FFCDA-574D-37FB-83EB-E6510B039179}.Debug|Win32.Build.0 = Debug|Win32
		{CE8FFCDA-574D-37FB-83EB-E6510B039179}.Release|Win32.ActiveCfg = Release|Win32
		{CE8FFCDA-574D-37FB-83EB-E6510B039179}.Release|Win32.Build.0 = Release|Win32
		{CE8FFCDA-574D-37FB-83EB-E6510B039179}.MinSizeRel|Win32.ActiveCfg = MinSizeRel|Win32
		{CE8FFCDA-574D-37FB-83EB-E6510B039179}.MinSizeRel|Win32.Build.0 = MinSizeRel|Win32
		{CE8FFCDA-574D-37FB-83EB-E6510B039179}.RelWithDebInfo|Win32.ActiveCfg = RelWithDebInfo|Win32
		{CE8FFCDA-574D-37FB-83EB-E6510B039179}.RelWithDebInfo|Win32.Build.0 = RelWithDebInfo|Win32
		{D0450A38-D02C-384B-A702-B73E52737C7B}.Debug|Win32.ActiveCfg = Debug|Win32
		{D0450A38-D02C-384B-A702-B73E52737C7B}.Debug|Win32.Build.0 = Debug|Win32
		{D0450A38-D02C-384B-A702-B73E52737C7B}.Release|Win32.ActiveCfg = Release|Win32
		{D0450A38-D02C-384B-A702-B73E52737C7B}.Release|Win32.Build.0 = Release|Win32
		{D0450A38-D02C-384B-A702-B73E52737C7B}.MinSizeRel|Win32.ActiveCfg = MinSizeRel|Win32
		{D0450A38-D02C-384B-A702-B73E52737C7B}.MinSizeRel|Win32.Build.0 = MinSizeRel|Win32
		{D0450A38-D02C-384B-A702-B73E52737C7B}.RelWithDebInfo|Win32.ActiveCfg = RelWithDebInfo|Win32
		{D0450A38-D02C-384B-A702-B73E52737C7B}.RelWithDebInfo|Win32.Build.0 = RelWithDebInfo|Win32
		{025CF3FC-D004-379C-B717-B7C82520B03E}.Debug|Win32.ActiveCfg = Debug|Win32
		{025CF3FC-D004-379C-B717-B7C82520B03E}.Debug|Win32.Build.0 = Debug|Win32
		{025CF3FC-D004-379C-B717-B7C82520B03E}.Release|Win32.ActiveCfg = Release|Win32
		{025CF3FC-D004-379C-B717-B7C82520B03E}.Release|Win32.Build.0 = Release|Win32
		{025CF3FC-D004-379C-B717-B7C82520B03E}.MinSizeRel|Win32.ActiveCfg = MinSizeRel|Win32
		{025CF3FC-D004-379C-B717-B7C82520B03E}.MinSizeRel|Win32.Build.0 = MinSizeRel|Win32
		{025CF3FC-D004-379C-B717-B7C82520B03E}.RelWithDebInfo|Win32.ActiveCfg = RelWithDebInfo|Win32
		{025CF3FC-D004-379C-B717-B7C82520B03E}.RelWithDebInfo|Win32.Build.0 = RelWithDebInfo|Win32
		{0D987040-A6B3-3AF9-9AE9-C04058F8BAF1}.Debug|Win32.ActiveCfg = Debug|Win32
		{0D987040-A6B3-3AF9-9AE9-C04058F8BAF1}.Debug|Win32.Build.0 = Debug|Win32
		{0D987040-A6B3-3AF9-9AE9-C04058F8BAF1}.Release|Win32.ActiveCfg = Release|Win32
		{0D987040-A6B3-3AF9-9AE9-C04058F8BAF1}.Release|Win32.Build.0 = Release|Win32
		{0D987040-A6B3-3AF9-9AE9-C04058F8BAF1}.MinSizeRel|Win32.ActiveCfg = MinSizeRel|Win32
		{0D987040-A6B3-3AF9-9AE9-C04058F8BAF1}.MinSizeRel|Win32.Build.0 = MinSizeRel|Win32
		{0D987040-A6B3-3AF9-9AE9-C04058F8BAF1}.RelWithDebInfo|Win32.ActiveCfg = RelWithDebInfo|Win32
		{0D987040-A6B3-3AF9-9AE9-C04058F8BAF1}.RelWithDebInfo|Win32.Build.0 = RelWithDebInfo|Win32
		{39556B3B-AB6A-3D16-82E4-D3BB7F9BC672}.Debug|Win32.ActiveCfg = Debug|Win32
		{39556B3B-AB6A-3D16-82E4-D3BB7F9BC672}.Release|Win32.ActiveCfg = Release|Win32
		{39556B3B-AB6A-3D16-82E4-D3BB7F9BC672}.MinSizeRel|Win32.ActiveCfg = MinSizeRel|Win32
		{39556B3B-AB6A-3D16-82E4-D3BB7F9BC672}.RelWithDebInfo|Win32.ActiveCfg = RelWithDebInfo|Win32
	EndGlobalSection
	GlobalSection(ExtensibilityGlobals) = postSolution
		SolutionGuid = {0893E95A-B259-3BA6-A07C-B65E7E14A166}
	EndGlobalSection
	GlobalSection(ExtensibilityAddIns) = postSolution
	EndGlobalSection
EndGlobal
